// !$*UTF8*$!
{
	archiveVersion = 1;
	classes = {
	};
	objectVersion = 56;
	objects = {

/* Begin PBXBuildFile section */
		34264A1A2A3214ED006150C0 /* AppDelegate.swift in Sources */ = {isa = PBXBuildFile; fileRef = 34264A192A3214ED006150C0 /* AppDelegate.swift */; };
		34264A1C2A3214ED006150C0 /* SceneDelegate.swift in Sources */ = {isa = PBXBuildFile; fileRef = 34264A1B2A3214ED006150C0 /* SceneDelegate.swift */; };
		34264A1E2A3214ED006150C0 /* ViewController.swift in Sources */ = {isa = PBXBuildFile; fileRef = 34264A1D2A3214ED006150C0 /* ViewController.swift */; };
		34264A212A3214ED006150C0 /* Main.storyboard in Resources */ = {isa = PBXBuildFile; fileRef = 34264A1F2A3214ED006150C0 /* Main.storyboard */; };
		34264A232A3214EE006150C0 /* Assets.xcassets in Resources */ = {isa = PBXBuildFile; fileRef = 34264A222A3214EE006150C0 /* Assets.xcassets */; };
		34264A262A3214EE006150C0 /* LaunchScreen.storyboard in Resources */ = {isa = PBXBuildFile; fileRef = 34264A242A3214EE006150C0 /* LaunchScreen.storyboard */; };
		34264A312A3214EE006150C0 /* MortagageCallculatorTests.swift in Sources */ = {isa = PBXBuildFile; fileRef = 34264A302A3214EE006150C0 /* MortagageCallculatorTests.swift */; };
		34264A3B2A3214EE006150C0 /* MortagageCallculatorUITests.swift in Sources */ = {isa = PBXBuildFile; fileRef = 34264A3A2A3214EE006150C0 /* MortagageCallculatorUITests.swift */; };
		34264A3D2A3214EE006150C0 /* MortagageCallculatorUITestsLaunchTests.swift in Sources */ = {isa = PBXBuildFile; fileRef = 34264A3C2A3214EE006150C0 /* MortagageCallculatorUITestsLaunchTests.swift */; };
/* End PBXBuildFile section */

/* Begin PBXContainerItemProxy section */
		34264A2D2A3214EE006150C0 /* PBXContainerItemProxy */ = {
			isa = PBXContainerItemProxy;
			containerPortal = 34264A0E2A3214ED006150C0 /* Project object */;
			proxyType = 1;
			remoteGlobalIDString = 34264A152A3214ED006150C0;
			remoteInfo = MortagageCallculator;
		};
		34264A372A3214EE006150C0 /* PBXContainerItemProxy */ = {
			isa = PBXContainerItemProxy;
			containerPortal = 34264A0E2A3214ED006150C0 /* Project object */;
			proxyType = 1;
			remoteGlobalIDString = 34264A152A3214ED006150C0;
			remoteInfo = MortagageCallculator;
		};
/* End PBXContainerItemProxy section */

/* Begin PBXFileReference section */
		34264A162A3214ED006150C0 /* MortagageCallculator.app */ = {isa = PBXFileReference; explicitFileType = wrapper.application; includeInIndex = 0; path = MortagageCallculator.app; sourceTree = BUILT_PRODUCTS_DIR; };
		34264A192A3214ED006150C0 /* AppDelegate.swift */ = {isa = PBXFileReference; lastKnownFileType = sourcecode.swift; path = AppDelegate.swift; sourceTree = "<group>"; };
		34264A1B2A3214ED006150C0 /* SceneDelegate.swift */ = {isa = PBXFileReference; lastKnownFileType = sourcecode.swift; path = SceneDelegate.swift; sourceTree = "<group>"; };
		34264A1D2A3214ED006150C0 /* ViewController.swift */ = {isa = PBXFileReference; lastKnownFileType = sourcecode.swift; path = ViewController.swift; sourceTree = "<group>"; };
		34264A202A3214ED006150C0 /* Base */ = {isa = PBXFileReference; lastKnownFileType = file.storyboard; name = Base; path = Base.lproj/Main.storyboard; sourceTree = "<group>"; };
		34264A222A3214EE006150C0 /* Assets.xcassets */ = {isa = PBXFileReference; lastKnownFileType = folder.assetcatalog; path = Assets.xcassets; sourceTree = "<group>"; };
		34264A252A3214EE006150C0 /* Base */ = {isa = PBXFileReference; lastKnownFileType = file.storyboard; name = Base; path = Base.lproj/LaunchScreen.storyboard; sourceTree = "<group>"; };
		34264A272A3214EE006150C0 /* Info.plist */ = {isa = PBXFileReference; lastKnownFileType = text.plist.xml; path = Info.plist; sourceTree = "<group>"; };
		34264A2C2A3214EE006150C0 /* MortagageCallculatorTests.xctest */ = {isa = PBXFileReference; explicitFileType = wrapper.cfbundle; includeInIndex = 0; path = MortagageCallculatorTests.xctest; sourceTree = BUILT_PRODUCTS_DIR; };
		34264A302A3214EE006150C0 /* MortagageCallculatorTests.swift */ = {isa = PBXFileReference; lastKnownFileType = sourcecode.swift; path = MortagageCallculatorTests.swift; sourceTree = "<group>"; };
		34264A362A3214EE006150C0 /* MortagageCallculatorUITests.xctest */ = {isa = PBXFileReference; explicitFileType = wrapper.cfbundle; includeInIndex = 0; path = MortagageCallculatorUITests.xctest; sourceTree = BUILT_PRODUCTS_DIR; };
		34264A3A2A3214EE006150C0 /* MortagageCallculatorUITests.swift */ = {isa = PBXFileReference; lastKnownFileType = sourcecode.swift; path = MortagageCallculatorUITests.swift; sourceTree = "<group>"; };
		34264A3C2A3214EE006150C0 /* MortagageCallculatorUITestsLaunchTests.swift */ = {isa = PBXFileReference; lastKnownFileType = sourcecode.swift; path = MortagageCallculatorUITestsLaunchTests.swift; sourceTree = "<group>"; };
/* End PBXFileReference section */

/* Begin PBXFrameworksBuildPhase section */
		34264A132A3214ED006150C0 /* Frameworks */ = {
			isa = PBXFrameworksBuildPhase;
			buildActionMask = 2147483647;
			files = (
			);
			runOnlyForDeploymentPostprocessing = 0;
		};
		34264A292A3214EE006150C0 /* Frameworks */ = {
			isa = PBXFrameworksBuildPhase;
			buildActionMask = 2147483647;
			files = (
			);
			runOnlyForDeploymentPostprocessing = 0;
		};
		34264A332A3214EE006150C0 /* Frameworks */ = {
			isa = PBXFrameworksBuildPhase;
			buildActionMask = 2147483647;
			files = (
			);
			runOnlyForDeploymentPostprocessing = 0;
		};
/* End PBXFrameworksBuildPhase section */

/* Begin PBXGroup section */
		34264A0D2A3214ED006150C0 = {
			isa = PBXGroup;
			children = (
				34264A182A3214ED006150C0 /* MortagageCallculator */,
				34264A2F2A3214EE006150C0 /* MortagageCallculatorTests */,
				34264A392A3214EE006150C0 /* MortagageCallculatorUITests */,
				34264A172A3214ED006150C0 /* Products */,
			);
			sourceTree = "<group>";
		};
		34264A172A3214ED006150C0 /* Products */ = {
			isa = PBXGroup;
			children = (
				34264A162A3214ED006150C0 /* MortagageCallculator.app */,
				34264A2C2A3214EE006150C0 /* MortagageCallculatorTests.xctest */,
				34264A362A3214EE006150C0 /* MortagageCallculatorUITests.xctest */,
			);
			name = Products;
			sourceTree = "<group>";
		};
		34264A182A3214ED006150C0 /* MortagageCallculator */ = {
			isa = PBXGroup;
			children = (
				34264A192A3214ED006150C0 /* AppDelegate.swift */,
				34264A1B2A3214ED006150C0 /* SceneDelegate.swift */,
				34264A1D2A3214ED006150C0 /* ViewController.swift */,
				34264A1F2A3214ED006150C0 /* Main.storyboard */,
				34264A222A3214EE006150C0 /* Assets.xcassets */,
				34264A242A3214EE006150C0 /* LaunchScreen.storyboard */,
				34264A272A3214EE006150C0 /* Info.plist */,
			);
			path = MortagageCallculator;
			sourceTree = "<group>";
		};
		34264A2F2A3214EE006150C0 /* MortagageCallculatorTests */ = {
			isa = PBXGroup;
			children = (
				34264A302A3214EE006150C0 /* MortagageCallculatorTests.swift */,
			);
			path = MortagageCallculatorTests;
			sourceTree = "<group>";
		};
		34264A392A3214EE006150C0 /* MortagageCallculatorUITests */ = {
			isa = PBXGroup;
			children = (
				34264A3A2A3214EE006150C0 /* MortagageCallculatorUITests.swift */,
				34264A3C2A3214EE006150C0 /* MortagageCallculatorUITestsLaunchTests.swift */,
			);
			path = MortagageCallculatorUITests;
			sourceTree = "<group>";
		};
/* End PBXGroup section */

/* Begin PBXNativeTarget section */
		34264A152A3214ED006150C0 /* MortagageCallculator */ = {
			isa = PBXNativeTarget;
			buildConfigurationList = 34264A402A3214EE006150C0 /* Build configuration list for PBXNativeTarget "MortagageCallculator" */;
			buildPhases = (
				34264A122A3214ED006150C0 /* Sources */,
				34264A132A3214ED006150C0 /* Frameworks */,
				34264A142A3214ED006150C0 /* Resources */,
			);
			buildRules = (
			);
			dependencies = (
			);
			name = MortagageCallculator;
			productName = MortagageCallculator;
			productReference = 34264A162A3214ED006150C0 /* MortagageCallculator.app */;
			productType = "com.apple.product-type.application";
		};
		34264A2B2A3214EE006150C0 /* MortagageCallculatorTests */ = {
			isa = PBXNativeTarget;
			buildConfigurationList = 34264A432A3214EE006150C0 /* Build configuration list for PBXNativeTarget "MortagageCallculatorTests" */;
			buildPhases = (
				34264A282A3214EE006150C0 /* Sources */,
				34264A292A3214EE006150C0 /* Frameworks */,
				34264A2A2A3214EE006150C0 /* Resources */,
			);
			buildRules = (
			);
			dependencies = (
				34264A2E2A3214EE006150C0 /* PBXTargetDependency */,
			);
			name = MortagageCallculatorTests;
			productName = MortagageCallculatorTests;
			productReference = 34264A2C2A3214EE006150C0 /* MortagageCallculatorTests.xctest */;
			productType = "com.apple.product-type.bundle.unit-test";
		};
		34264A352A3214EE006150C0 /* MortagageCallculatorUITests */ = {
			isa = PBXNativeTarget;
			buildConfigurationList = 34264A462A3214EE006150C0 /* Build configuration list for PBXNativeTarget "MortagageCallculatorUITests" */;
			buildPhases = (
				34264A322A3214EE006150C0 /* Sources */,
				34264A332A3214EE006150C0 /* Frameworks */,
				34264A342A3214EE006150C0 /* Resources */,
			);
			buildRules = (
			);
			dependencies = (
				34264A382A3214EE006150C0 /* PBXTargetDependency */,
			);
			name = MortagageCallculatorUITests;
			productName = MortagageCallculatorUITests;
			productReference = 34264A362A3214EE006150C0 /* MortagageCallculatorUITests.xctest */;
			productType = "com.apple.product-type.bundle.ui-testing";
		};
/* End PBXNativeTarget section */

/* Begin PBXProject section */
		34264A0E2A3214ED006150C0 /* Project object */ = {
			isa = PBXProject;
			attributes = {
				BuildIndependentTargetsInParallel = 1;
				LastSwiftUpdateCheck = 1430;
				LastUpgradeCheck = 1430;
				TargetAttributes = {
					34264A152A3214ED006150C0 = {
						CreatedOnToolsVersion = 14.3.1;
					};
					34264A2B2A3214EE006150C0 = {
						CreatedOnToolsVersion = 14.3.1;
						TestTargetID = 34264A152A3214ED006150C0;
					};
					34264A352A3214EE006150C0 = {
						CreatedOnToolsVersion = 14.3.1;
						TestTargetID = 34264A152A3214ED006150C0;
					};
				};
			};
			buildConfigurationList = 34264A112A3214ED006150C0 /* Build configuration list for PBXProject "MortagageCallculator" */;
			compatibilityVersion = "Xcode 14.0";
			developmentRegion = en;
			hasScannedForEncodings = 0;
			knownRegions = (
				en,
				Base,
			);
			mainGroup = 34264A0D2A3214ED006150C0;
			productRefGroup = 34264A172A3214ED006150C0 /* Products */;
			projectDirPath = "";
			projectRoot = "";
			targets = (
				34264A152A3214ED006150C0 /* MortagageCallculator */,
				34264A2B2A3214EE006150C0 /* MortagageCallculatorTests */,
				34264A352A3214EE006150C0 /* MortagageCallculatorUITests */,
			);
		};
/* End PBXProject section */

/* Begin PBXResourcesBuildPhase section */
		34264A142A3214ED006150C0 /* Resources */ = {
			isa = PBXResourcesBuildPhase;
			buildActionMask = 2147483647;
			files = (
				34264A262A3214EE006150C0 /* LaunchScreen.storyboard in Resources */,
				34264A232A3214EE006150C0 /* Assets.xcassets in Resources */,
				34264A212A3214ED006150C0 /* Main.storyboard in Resources */,
			);
			runOnlyForDeploymentPostprocessing = 0;
		};
		34264A2A2A3214EE006150C0 /* Resources */ = {
			isa = PBXResourcesBuildPhase;
			buildActionMask = 2147483647;
			files = (
			);
			runOnlyForDeploymentPostprocessing = 0;
		};
		34264A342A3214EE006150C0 /* Resources */ = {
			isa = PBXResourcesBuildPhase;
			buildActionMask = 2147483647;
			files = (
			);
			runOnlyForDeploymentPostprocessing = 0;
		};
/* End PBXResourcesBuildPhase section */

/* Begin PBXSourcesBuildPhase section */
		34264A122A3214ED006150C0 /* Sources */ = {
			isa = PBXSourcesBuildPhase;
			buildActionMask = 2147483647;
			files = (
				34264A1E2A3214ED006150C0 /* ViewController.swift in Sources */,
				34264A1A2A3214ED006150C0 /* AppDelegate.swift in Sources */,
				34264A1C2A3214ED006150C0 /* SceneDelegate.swift in Sources */,
			);
			runOnlyForDeploymentPostprocessing = 0;
		};
		34264A282A3214EE006150C0 /* Sources */ = {
			isa = PBXSourcesBuildPhase;
			buildActionMask = 2147483647;
			files = (
				34264A312A3214EE006150C0 /* MortagageCallculatorTests.swift in Sources */,
			);
			runOnlyForDeploymentPostprocessing = 0;
		};
		34264A322A3214EE006150C0 /* Sources */ = {
			isa = PBXSourcesBuildPhase;
			buildActionMask = 2147483647;
			files = (
				34264A3B2A3214EE006150C0 /* MortagageCallculatorUITests.swift in Sources */,
				34264A3D2A3214EE006150C0 /* MortagageCallculatorUITestsLaunchTests.swift in Sources */,
			);
			runOnlyForDeploymentPostprocessing = 0;
		};
/* End PBXSourcesBuildPhase section */

/* Begin PBXTargetDependency section */
		34264A2E2A3214EE006150C0 /* PBXTargetDependency */ = {
			isa = PBXTargetDependency;
			target = 34264A152A3214ED006150C0 /* MortagageCallculator */;
			targetProxy = 34264A2D2A3214EE006150C0 /* PBXContainerItemProxy */;
		};
		34264A382A3214EE006150C0 /* PBXTargetDependency */ = {
			isa = PBXTargetDependency;
			target = 34264A152A3214ED006150C0 /* MortagageCallculator */;
			targetProxy = 34264A372A3214EE006150C0 /* PBXContainerItemProxy */;
		};
/* End PBXTargetDependency section */

/* Begin PBXVariantGroup section */
		34264A1F2A3214ED006150C0 /* Main.storyboard */ = {
			isa = PBXVariantGroup;
			children = (
				34264A202A3214ED006150C0 /* Base */,
			);
			name = Main.storyboard;
			sourceTree = "<group>";
		};
		34264A242A3214EE006150C0 /* LaunchScreen.storyboard */ = {
			isa = PBXVariantGroup;
			children = (
				34264A252A3214EE006150C0 /* Base */,
			);
			name = LaunchScreen.storyboard;
			sourceTree = "<group>";
		};
/* End PBXVariantGroup section */

/* Begin XCBuildConfiguration section */
		34264A3E2A3214EE006150C0 /* Debug */ = {
			isa = XCBuildConfiguration;
			buildSettings = {
				ALWAYS_SEARCH_USER_PATHS = NO;
				CLANG_ANALYZER_NONNULL = YES;
				CLANG_ANALYZER_NUMBER_OBJECT_CONVERSION = YES_AGGRESSIVE;
				CLANG_CXX_LANGUAGE_STANDARD = "gnu++20";
				CLANG_ENABLE_MODULES = YES;
				CLANG_ENABLE_OBJC_ARC = YES;
				CLANG_ENABLE_OBJC_WEAK = YES;
				CLANG_WARN_BLOCK_CAPTURE_AUTORELEASING = YES;
				CLANG_WARN_BOOL_CONVERSION = YES;
				CLANG_WARN_COMMA = YES;
				CLANG_WARN_CONSTANT_CONVERSION = YES;
				CLANG_WARN_DEPRECATED_OBJC_IMPLEMENTATIONS = YES;
				CLANG_WARN_DIRECT_OBJC_ISA_USAGE = YES_ERROR;
				CLANG_WARN_DOCUMENTATION_COMMENTS = YES;
				CLANG_WARN_EMPTY_BODY = YES;
				CLANG_WARN_ENUM_CONVERSION = YES;
				CLANG_WARN_INFINITE_RECURSION = YES;
				CLANG_WARN_INT_CONVERSION = YES;
				CLANG_WARN_NON_LITERAL_NULL_CONVERSION = YES;
				CLANG_WARN_OBJC_IMPLICIT_RETAIN_SELF = YES;
				CLANG_WARN_OBJC_LITERAL_CONVERSION = YES;
				CLANG_WARN_OBJC_ROOT_CLASS = YES_ERROR;
				CLANG_WARN_QUOTED_INCLUDE_IN_FRAMEWORK_HEADER = YES;
				CLANG_WARN_RANGE_LOOP_ANALYSIS = YES;
				CLANG_WARN_STRICT_PROTOTYPES = YES;
				CLANG_WARN_SUSPICIOUS_MOVE = YES;
				CLANG_WARN_UNGUARDED_AVAILABILITY = YES_AGGRESSIVE;
				CLANG_WARN_UNREACHABLE_CODE = YES;
				CLANG_WARN__DUPLICATE_METHOD_MATCH = YES;
				COPY_PHASE_STRIP = NO;
				DEBUG_INFORMATION_FORMAT = dwarf;
				ENABLE_STRICT_OBJC_MSGSEND = YES;
				ENABLE_TESTABILITY = YES;
				GCC_C_LANGUAGE_STANDARD = gnu11;
				GCC_DYNAMIC_NO_PIC = NO;
				GCC_NO_COMMON_BLOCKS = YES;
				GCC_OPTIMIZATION_LEVEL = 0;
				GCC_PREPROCESSOR_DEFINITIONS = (
					"DEBUG=1",
					"$(inherited)",
				);
				GCC_WARN_64_TO_32_BIT_CONVERSION = YES;
				GCC_WARN_ABOUT_RETURN_TYPE = YES_ERROR;
				GCC_WARN_UNDECLARED_SELECTOR = YES;
				GCC_WARN_UNINITIALIZED_AUTOS = YES_AGGRESSIVE;
				GCC_WARN_UNUSED_FUNCTION = YES;
				GCC_WARN_UNUSED_VARIABLE = YES;
				IPHONEOS_DEPLOYMENT_TARGET = 16.4;
				MTL_ENABLE_DEBUG_INFO = INCLUDE_SOURCE;
				MTL_FAST_MATH = YES;
				ONLY_ACTIVE_ARCH = YES;
				SDKROOT = iphoneos;
				SWIFT_ACTIVE_COMPILATION_CONDITIONS = DEBUG;
				SWIFT_OPTIMIZATION_LEVEL = "-Onone";
			};
			name = Debug;
		};
		34264A3F2A3214EE006150C0 /* Release */ = {
			isa = XCBuildConfiguration;
			buildSettings = {
				ALWAYS_SEARCH_USER_PATHS = NO;
				CLANG_ANALYZER_NONNULL = YES;
				CLANG_ANALYZER_NUMBER_OBJECT_CONVERSION = YES_AGGRESSIVE;
				CLANG_CXX_LANGUAGE_STANDARD = "gnu++20";
				CLANG_ENABLE_MODULES = YES;
				CLANG_ENABLE_OBJC_ARC = YES;
				CLANG_ENABLE_OBJC_WEAK = YES;
				CLANG_WARN_BLOCK_CAPTURE_AUTORELEASING = YES;
				CLANG_WARN_BOOL_CONVERSION = YES;
				CLANG_WARN_COMMA = YES;
				CLANG_WARN_CONSTANT_CONVERSION = YES;
				CLANG_WARN_DEPRECATED_OBJC_IMPLEMENTATIONS = YES;
				CLANG_WARN_DIRECT_OBJC_ISA_USAGE = YES_ERROR;
				CLANG_WARN_DOCUMENTATION_COMMENTS = YES;
				CLANG_WARN_EMPTY_BODY = YES;
				CLANG_WARN_ENUM_CONVERSION = YES;
				CLANG_WARN_INFINITE_RECURSION = YES;
				CLANG_WARN_INT_CONVERSION = YES;
				CLANG_WARN_NON_LITERAL_NULL_CONVERSION = YES;
				CLANG_WARN_OBJC_IMPLICIT_RETAIN_SELF = YES;
				CLANG_WARN_OBJC_LITERAL_CONVERSION = YES;
				CLANG_WARN_OBJC_ROOT_CLASS = YES_ERROR;
				CLANG_WARN_QUOTED_INCLUDE_IN_FRAMEWORK_HEADER = YES;
				CLANG_WARN_RANGE_LOOP_ANALYSIS = YES;
				CLANG_WARN_STRICT_PROTOTYPES = YES;
				CLANG_WARN_SUSPICIOUS_MOVE = YES;
				CLANG_WARN_UNGUARDED_AVAILABILITY = YES_AGGRESSIVE;
				CLANG_WARN_UNREACHABLE_CODE = YES;
				CLANG_WARN__DUPLICATE_METHOD_MATCH = YES;
				COPY_PHASE_STRIP = NO;
				DEBUG_INFORMATION_FORMAT = "dwarf-with-dsym";
				ENABLE_NS_ASSERTIONS = NO;
				ENABLE_STRICT_OBJC_MSGSEND = YES;
				GCC_C_LANGUAGE_STANDARD = gnu11;
				GCC_NO_COMMON_BLOCKS = YES;
				GCC_WARN_64_TO_32_BIT_CONVERSION = YES;
				GCC_WARN_ABOUT_RETURN_TYPE = YES_ERROR;
				GCC_WARN_UNDECLARED_SELECTOR = YES;
				GCC_WARN_UNINITIALIZED_AUTOS = YES_AGGRESSIVE;
				GCC_WARN_UNUSED_FUNCTION = YES;
				GCC_WARN_UNUSED_VARIABLE = YES;
				IPHONEOS_DEPLOYMENT_TARGET = 16.4;
				MTL_ENABLE_DEBUG_INFO = NO;
				MTL_FAST_MATH = YES;
				SDKROOT = iphoneos;
				SWIFT_COMPILATION_MODE = wholemodule;
				SWIFT_OPTIMIZATION_LEVEL = "-O";
				VALIDATE_PRODUCT = YES;
			};
			name = Release;
		};
		34264A412A3214EE006150C0 /* Debug */ = {
			isa = XCBuildConfiguration;
			buildSettings = {
				ASSETCATALOG_COMPILER_APPICON_NAME = AppIcon;
				ASSETCATALOG_COMPILER_GLOBAL_ACCENT_COLOR_NAME = AccentColor;
				CODE_SIGN_STYLE = Automatic;
				CURRENT_PROJECT_VERSION = 1;
				GENERATE_INFOPLIST_FILE = YES;
				INFOPLIST_FILE = MortagageCallculator/Info.plist;
				INFOPLIST_KEY_UIApplicationSupportsIndirectInputEvents = YES;
				INFOPLIST_KEY_UILaunchStoryboardName = LaunchScreen;
				INFOPLIST_KEY_UIMainStoryboardFile = Main;
				INFOPLIST_KEY_UISupportedInterfaceOrientations_iPad = "UIInterfaceOrientationPortrait UIInterfaceOrientationPortraitUpsideDown UIInterfaceOrientationLandscapeLeft UIInterfaceOrientationLandscapeRight";
				INFOPLIST_KEY_UISupportedInterfaceOrientations_iPhone = "UIInterfaceOrientationPortrait UIInterfaceOrientationLandscapeLeft UIInterfaceOrientationLandscapeRight";
				LD_RUNPATH_SEARCH_PATHS = (
					"$(inherited)",
					"@executable_path/Frameworks",
				);
				MARKETING_VERSION = 1.0;
				PRODUCT_BUNDLE_IDENTIFIER = YearUp.MortagageCallculator;
				PRODUCT_NAME = "$(TARGET_NAME)";
				SWIFT_EMIT_LOC_STRINGS = YES;
				SWIFT_VERSION = 5.0;
				TARGETED_DEVICE_FAMILY = "1,2";
			};
			name = Debug;
		};
		34264A422A3214EE006150C0 /* Release */ = {
			isa = XCBuildConfiguration;
			buildSettings = {
				ASSETCATALOG_COMPILER_APPICON_NAME = AppIcon;
				ASSETCATALOG_COMPILER_GLOBAL_ACCENT_COLOR_NAME = AccentColor;
				CODE_SIGN_STYLE = Automatic;
				CURRENT_PROJECT_VERSION = 1;
				GENERATE_INFOPLIST_FILE = YES;
				INFOPLIST_FILE = MortagageCallculator/Info.plist;
				INFOPLIST_KEY_UIApplicationSupportsIndirectInputEvents = YES;
				INFOPLIST_KEY_UILaunchStoryboardName = LaunchScreen;
				INFOPLIST_KEY_UIMainStoryboardFile = Main;
				INFOPLIST_KEY_UISupportedInterfaceOrientations_iPad = "UIInterfaceOrientationPortrait UIInterfaceOrientationPortraitUpsideDown UIInterfaceOrientationLandscapeLeft UIInterfaceOrientationLandscapeRight";
				INFOPLIST_KEY_UISupportedInterfaceOrientations_iPhone = "UIInterfaceOrientationPortrait UIInterfaceOrientationLandscapeLeft UIInterfaceOrientationLandscapeRight";
				LD_RUNPATH_SEARCH_PATHS = (
					"$(inherited)",
					"@executable_path/Frameworks",
				);
				MARKETING_VERSION = 1.0;
				PRODUCT_BUNDLE_IDENTIFIER = YearUp.MortagageCallculator;
				PRODUCT_NAME = "$(TARGET_NAME)";
				SWIFT_EMIT_LOC_STRINGS = YES;
				SWIFT_VERSION = 5.0;
				TARGETED_DEVICE_FAMILY = "1,2";
			};
			name = Release;
		};
		34264A442A3214EE006150C0 /* Debug */ = {
			isa = XCBuildConfiguration;
			buildSettings = {
				ALWAYS_EMBED_SWIFT_STANDARD_LIBRARIES = YES;
				BUNDLE_LOADER = "$(TEST_HOST)";
				CODE_SIGN_STYLE = Automatic;
				CURRENT_PROJECT_VERSION = 1;
				GENERATE_INFOPLIST_FILE = YES;
				IPHONEOS_DEPLOYMENT_TARGET = 16.4;
				MARKETING_VERSION = 1.0;
				PRODUCT_BUNDLE_IDENTIFIER = YearUp.MortagageCallculatorTests;
				PRODUCT_NAME = "$(TARGET_NAME)";
				SWIFT_EMIT_LOC_STRINGS = NO;
				SWIFT_VERSION = 5.0;
				TARGETED_DEVICE_FAMILY = "1,2";
				TEST_HOST = "$(BUILT_PRODUCTS_DIR)/MortagageCallculator.app/$(BUNDLE_EXECUTABLE_FOLDER_PATH)/MortagageCallculator";
			};
			name = Debug;
		};
		34264A452A3214EE006150C0 /* Release */ = {
			isa = XCBuildConfiguration;
			buildSettings = {
				ALWAYS_EMBED_SWIFT_STANDARD_LIBRARIES = YES;
				BUNDLE_LOADER = "$(TEST_HOST)";
				CODE_SIGN_STYLE = Automatic;
				CURRENT_PROJECT_VERSION = 1;
				GENERATE_INFOPLIST_FILE = YES;
				IPHONEOS_DEPLOYMENT_TARGET = 16.4;
				MARKETING_VERSION = 1.0;
				PRODUCT_BUNDLE_IDENTIFIER = YearUp.MortagageCallculatorTests;
				PRODUCT_NAME = "$(TARGET_NAME)";
				SWIFT_EMIT_LOC_STRINGS = NO;
				SWIFT_VERSION = 5.0;
				TARGETED_DEVICE_FAMILY = "1,2";
				TEST_HOST = "$(BUILT_PRODUCTS_DIR)/MortagageCallculator.app/$(BUNDLE_EXECUTABLE_FOLDER_PATH)/MortagageCallculator";
			};
			name = Release;
		};
		34264A472A3214EE006150C0 /* Debug */ = {
			isa = XCBuildConfiguration;
			buildSettings = {
				ALWAYS_EMBED_SWIFT_STANDARD_LIBRARIES = YES;
				CODE_SIGN_STYLE = Automatic;
				CURRENT_PROJECT_VERSION = 1;
				GENERATE_INFOPLIST_FILE = YES;
				MARKETING_VERSION = 1.0;
				PRODUCT_BUNDLE_IDENTIFIER = YearUp.MortagageCallculatorUITests;
				PRODUCT_NAME = "$(TARGET_NAME)";
				SWIFT_EMIT_LOC_STRINGS = NO;
				SWIFT_VERSION = 5.0;
				TARGETED_DEVICE_FAMILY = "1,2";
				TEST_TARGET_NAME = MortagageCallculator;
			};
			name = Debug;
		};
		34264A482A3214EE006150C0 /* Release */ = {
			isa = XCBuildConfiguration;
			buildSettings = {
				ALWAYS_EMBED_SWIFT_STANDARD_LIBRARIES = YES;
				CODE_SIGN_STYLE = Automatic;
				CURRENT_PROJECT_VERSION = 1;
				GENERATE_INFOPLIST_FILE = YES;
				MARKETING_VERSION = 1.0;
				PRODUCT_BUNDLE_IDENTIFIER = YearUp.MortagageCallculatorUITests;
				PRODUCT_NAME = "$(TARGET_NAME)";
				SWIFT_EMIT_LOC_STRINGS = NO;
				SWIFT_VERSION = 5.0;
				TARGETED_DEVICE_FAMILY = "1,2";
				TEST_TARGET_NAME = MortagageCallculator;
			};
			name = Release;
		};
/* End XCBuildConfiguration section */

/* Begin XCConfigurationList section */
		34264A112A3214ED006150C0 /* Build configuration list for PBXProject "MortagageCallculator" */ = {
			isa = XCConfigurationList;
			buildConfigurations = (
				34264A3E2A3214EE006150C0 /* Debug */,
				34264A3F2A3214EE006150C0 /* Release */,
			);
			defaultConfigurationIsVisible = 0;
			defaultConfigurationName = Release;
		};
		34264A402A3214EE006150C0 /* Build configuration list for PBXNativeTarget "MortagageCallculator" */ = {
			isa = XCConfigurationList;
			buildConfigurations = (
				34264A412A3214EE006150C0 /* Debug */,
				34264A422A3214EE006150C0 /* Release */,
			);
			defaultConfigurationIsVisible = 0;
			defaultConfigurationName = Release;
		};
		34264A432A3214EE006150C0 /* Build configuration list for PBXNativeTarget "MortagageCallculatorTests" */ = {
			isa = XCConfigurationList;
			buildConfigurations = (
				34264A442A3214EE006150C0 /* Debug */,
				34264A452A3214EE006150C0 /* Release */,
			);
			defaultConfigurationIsVisible = 0;
			defaultConfigurationName = Release;
		};
		34264A462A3214EE006150C0 /* Build configuration list for PBXNativeTarget "MortagageCallculatorUITests" */ = {
			isa = XCConfigurationList;
			buildConfigurations = (
				34264A472A3214EE006150C0 /* Debug */,
				34264A482A3214EE006150C0 /* Release */,
			);
			defaultConfigurationIsVisible = 0;
			defaultConfigurationName = Release;
		};
/* End XCConfigurationList section */
	};
	rootObject = 34264A0E2A3214ED006150C0 /* Project object */;
}
