// !$*UTF8*$!
{
	archiveVersion = 1;
	classes = {
	};
	objectVersion = 56;
	objects = {

/* Begin PBXBuildFile section */
		342649D82A3146B9006150C0 /* AppDelegate.swift in Sources */ = {isa = PBXBuildFile; fileRef = 342649D72A3146B9006150C0 /* AppDelegate.swift */; };
		342649DA2A3146B9006150C0 /* SceneDelegate.swift in Sources */ = {isa = PBXBuildFile; fileRef = 342649D92A3146B9006150C0 /* SceneDelegate.swift */; };
		342649DC2A3146B9006150C0 /* ViewController.swift in Sources */ = {isa = PBXBuildFile; fileRef = 342649DB2A3146B9006150C0 /* ViewController.swift */; };
		342649E12A3146BA006150C0 /* Assets.xcassets in Resources */ = {isa = PBXBuildFile; fileRef = 342649E02A3146BA006150C0 /* Assets.xcassets */; };
		342649EF2A3146BB006150C0 /* iosPojects_WebbTests.swift in Sources */ = {isa = PBXBuildFile; fileRef = 342649EE2A3146BB006150C0 /* iosPojects_WebbTests.swift */; };
		342649F92A3146BB006150C0 /* iosPojects_WebbUITests.swift in Sources */ = {isa = PBXBuildFile; fileRef = 342649F82A3146BB006150C0 /* iosPojects_WebbUITests.swift */; };
		342649FB2A3146BB006150C0 /* iosPojects_WebbUITestsLaunchTests.swift in Sources */ = {isa = PBXBuildFile; fileRef = 342649FA2A3146BB006150C0 /* iosPojects_WebbUITestsLaunchTests.swift */; };
		34264A082A3147DD006150C0 /* Launch Screen.storyboard in Resources */ = {isa = PBXBuildFile; fileRef = 34264A072A3147DD006150C0 /* Launch Screen.storyboard */; };
		34264A0A2A314892006150C0 /* mainStoryboard.storyboard in Resources */ = {isa = PBXBuildFile; fileRef = 34264A092A314892006150C0 /* mainStoryboard.storyboard */; };
/* End PBXBuildFile section */

/* Begin PBXContainerItemProxy section */
		342649EB2A3146BB006150C0 /* PBXContainerItemProxy */ = {
			isa = PBXContainerItemProxy;
			containerPortal = 342649CC2A3146B9006150C0 /* Project object */;
			proxyType = 1;
			remoteGlobalIDString = 342649D32A3146B9006150C0;
			remoteInfo = iosPojects_Webb;
		};
		342649F52A3146BB006150C0 /* PBXContainerItemProxy */ = {
			isa = PBXContainerItemProxy;
			containerPortal = 342649CC2A3146B9006150C0 /* Project object */;
			proxyType = 1;
			remoteGlobalIDString = 342649D32A3146B9006150C0;
			remoteInfo = iosPojects_Webb;
		};
/* End PBXContainerItemProxy section */

/* Begin PBXFileReference section */
		342649D42A3146B9006150C0 /* iosPojects_Webb.app */ = {isa = PBXFileReference; explicitFileType = wrapper.application; includeInIndex = 0; path = iosPojects_Webb.app; sourceTree = BUILT_PRODUCTS_DIR; };
		342649D72A3146B9006150C0 /* AppDelegate.swift */ = {isa = PBXFileReference; lastKnownFileType = sourcecode.swift; path = AppDelegate.swift; sourceTree = "<group>"; };
		342649D92A3146B9006150C0 /* SceneDelegate.swift */ = {isa = PBXFileReference; lastKnownFileType = sourcecode.swift; path = SceneDelegate.swift; sourceTree = "<group>"; };
		342649DB2A3146B9006150C0 /* ViewController.swift */ = {isa = PBXFileReference; lastKnownFileType = sourcecode.swift; path = ViewController.swift; sourceTree = "<group>"; };
		342649E02A3146BA006150C0 /* Assets.xcassets */ = {isa = PBXFileReference; lastKnownFileType = folder.assetcatalog; path = Assets.xcassets; sourceTree = "<group>"; };
		342649E52A3146BA006150C0 /* Info.plist */ = {isa = PBXFileReference; lastKnownFileType = text.plist.xml; path = Info.plist; sourceTree = "<group>"; };
		342649EA2A3146BB006150C0 /* iosPojects_WebbTests.xctest */ = {isa = PBXFileReference; explicitFileType = wrapper.cfbundle; includeInIndex = 0; path = iosPojects_WebbTests.xctest; sourceTree = BUILT_PRODUCTS_DIR; };
		342649EE2A3146BB006150C0 /* iosPojects_WebbTests.swift */ = {isa = PBXFileReference; lastKnownFileType = sourcecode.swift; path = iosPojects_WebbTests.swift; sourceTree = "<group>"; };
		342649F42A3146BB006150C0 /* iosPojects_WebbUITests.xctest */ = {isa = PBXFileReference; explicitFileType = wrapper.cfbundle; includeInIndex = 0; path = iosPojects_WebbUITests.xctest; sourceTree = BUILT_PRODUCTS_DIR; };
		342649F82A3146BB006150C0 /* iosPojects_WebbUITests.swift */ = {isa = PBXFileReference; lastKnownFileType = sourcecode.swift; path = iosPojects_WebbUITests.swift; sourceTree = "<group>"; };
		342649FA2A3146BB006150C0 /* iosPojects_WebbUITestsLaunchTests.swift */ = {isa = PBXFileReference; lastKnownFileType = sourcecode.swift; path = iosPojects_WebbUITestsLaunchTests.swift; sourceTree = "<group>"; };
		34264A072A3147DD006150C0 /* Launch Screen.storyboard */ = {isa = PBXFileReference; lastKnownFileType = file.storyboard; path = "Launch Screen.storyboard"; sourceTree = "<group>"; };
		34264A092A314892006150C0 /* mainStoryboard.storyboard */ = {isa = PBXFileReference; lastKnownFileType = file.storyboard; path = mainStoryboard.storyboard; sourceTree = "<group>"; };
/* End PBXFileReference section */

/* Begin PBXFrameworksBuildPhase section */
		342649D12A3146B9006150C0 /* Frameworks */ = {
			isa = PBXFrameworksBuildPhase;
			buildActionMask = 2147483647;
			files = (
			);
			runOnlyForDeploymentPostprocessing = 0;
		};
		342649E72A3146BB006150C0 /* Frameworks */ = {
			isa = PBXFrameworksBuildPhase;
			buildActionMask = 2147483647;
			files = (
			);
			runOnlyForDeploymentPostprocessing = 0;
		};
		342649F12A3146BB006150C0 /* Frameworks */ = {
			isa = PBXFrameworksBuildPhase;
			buildActionMask = 2147483647;
			files = (
			);
			runOnlyForDeploymentPostprocessing = 0;
		};
/* End PBXFrameworksBuildPhase section */

/* Begin PBXGroup section */
		342649CB2A3146B9006150C0 = {
			isa = PBXGroup;
			children = (
				342649D62A3146B9006150C0 /* iosPojects_Webb */,
				342649ED2A3146BB006150C0 /* iosPojects_WebbTests */,
				342649F72A3146BB006150C0 /* iosPojects_WebbUITests */,
				342649D52A3146B9006150C0 /* Products */,
			);
			sourceTree = "<group>";
		};
		342649D52A3146B9006150C0 /* Products */ = {
			isa = PBXGroup;
			children = (
				342649D42A3146B9006150C0 /* iosPojects_Webb.app */,
				342649EA2A3146BB006150C0 /* iosPojects_WebbTests.xctest */,
				342649F42A3146BB006150C0 /* iosPojects_WebbUITests.xctest */,
			);
			name = Products;
			sourceTree = "<group>";
		};
		342649D62A3146B9006150C0 /* iosPojects_Webb */ = {
			isa = PBXGroup;
			children = (
				342649D72A3146B9006150C0 /* AppDelegate.swift */,
				342649D92A3146B9006150C0 /* SceneDelegate.swift */,
				342649DB2A3146B9006150C0 /* ViewController.swift */,
				342649E02A3146BA006150C0 /* Assets.xcassets */,
				34264A072A3147DD006150C0 /* Launch Screen.storyboard */,
				34264A092A314892006150C0 /* mainStoryboard.storyboard */,
				342649E52A3146BA006150C0 /* Info.plist */,
			);
			path = iosPojects_Webb;
			sourceTree = "<group>";
		};
		342649ED2A3146BB006150C0 /* iosPojects_WebbTests */ = {
			isa = PBXGroup;
			children = (
				342649EE2A3146BB006150C0 /* iosPojects_WebbTests.swift */,
			);
			path = iosPojects_WebbTests;
			sourceTree = "<group>";
		};
		342649F72A3146BB006150C0 /* iosPojects_WebbUITests */ = {
			isa = PBXGroup;
			children = (
				342649F82A3146BB006150C0 /* iosPojects_WebbUITests.swift */,
				342649FA2A3146BB006150C0 /* iosPojects_WebbUITestsLaunchTests.swift */,
			);
			path = iosPojects_WebbUITests;
			sourceTree = "<group>";
		};
/* End PBXGroup section */

/* Begin PBXNativeTarget section */
		342649D32A3146B9006150C0 /* iosPojects_Webb */ = {
			isa = PBXNativeTarget;
			buildConfigurationList = 342649FE2A3146BB006150C0 /* Build configuration list for PBXNativeTarget "iosPojects_Webb" */;
			buildPhases = (
				342649D02A3146B9006150C0 /* Sources */,
				342649D12A3146B9006150C0 /* Frameworks */,
				342649D22A3146B9006150C0 /* Resources */,
			);
			buildRules = (
			);
			dependencies = (
			);
			name = iosPojects_Webb;
			productName = iosPojects_Webb;
			productReference = 342649D42A3146B9006150C0 /* iosPojects_Webb.app */;
			productType = "com.apple.product-type.application";
		};
		342649E92A3146BB006150C0 /* iosPojects_WebbTests */ = {
			isa = PBXNativeTarget;
			buildConfigurationList = 34264A012A3146BB006150C0 /* Build configuration list for PBXNativeTarget "iosPojects_WebbTests" */;
			buildPhases = (
				342649E62A3146BB006150C0 /* Sources */,
				342649E72A3146BB006150C0 /* Frameworks */,
				342649E82A3146BB006150C0 /* Resources */,
			);
			buildRules = (
			);
			dependencies = (
				342649EC2A3146BB006150C0 /* PBXTargetDependency */,
			);
			name = iosPojects_WebbTests;
			productName = iosPojects_WebbTests;
			productReference = 342649EA2A3146BB006150C0 /* iosPojects_WebbTests.xctest */;
			productType = "com.apple.product-type.bundle.unit-test";
		};
		342649F32A3146BB006150C0 /* iosPojects_WebbUITests */ = {
			isa = PBXNativeTarget;
			buildConfigurationList = 34264A042A3146BB006150C0 /* Build configuration list for PBXNativeTarget "iosPojects_WebbUITests" */;
			buildPhases = (
				342649F02A3146BB006150C0 /* Sources */,
				342649F12A3146BB006150C0 /* Frameworks */,
				342649F22A3146BB006150C0 /* Resources */,
			);
			buildRules = (
			);
			dependencies = (
				342649F62A3146BB006150C0 /* PBXTargetDependency */,
			);
			name = iosPojects_WebbUITests;
			productName = iosPojects_WebbUITests;
			productReference = 342649F42A3146BB006150C0 /* iosPojects_WebbUITests.xctest */;
			productType = "com.apple.product-type.bundle.ui-testing";
		};
/* End PBXNativeTarget section */

/* Begin PBXProject section */
		342649CC2A3146B9006150C0 /* Project object */ = {
			isa = PBXProject;
			attributes = {
				BuildIndependentTargetsInParallel = 1;
				LastSwiftUpdateCheck = 1430;
				LastUpgradeCheck = 1430;
				TargetAttributes = {
					342649D32A3146B9006150C0 = {
						CreatedOnToolsVersion = 14.3.1;
					};
					342649E92A3146BB006150C0 = {
						CreatedOnToolsVersion = 14.3.1;
						TestTargetID = 342649D32A3146B9006150C0;
					};
					342649F32A3146BB006150C0 = {
						CreatedOnToolsVersion = 14.3.1;
						TestTargetID = 342649D32A3146B9006150C0;
					};
				};
			};
			buildConfigurationList = 342649CF2A3146B9006150C0 /* Build configuration list for PBXProject "iosPojects_Webb" */;
			compatibilityVersion = "Xcode 14.0";
			developmentRegion = en;
			hasScannedForEncodings = 0;
			knownRegions = (
				en,
				Base,
			);
			mainGroup = 342649CB2A3146B9006150C0;
			productRefGroup = 342649D52A3146B9006150C0 /* Products */;
			projectDirPath = "";
			projectRoot = "";
			targets = (
				342649D32A3146B9006150C0 /* iosPojects_Webb */,
				342649E92A3146BB006150C0 /* iosPojects_WebbTests */,
				342649F32A3146BB006150C0 /* iosPojects_WebbUITests */,
			);
		};
/* End PBXProject section */

/* Begin PBXResourcesBuildPhase section */
		342649D22A3146B9006150C0 /* Resources */ = {
			isa = PBXResourcesBuildPhase;
			buildActionMask = 2147483647;
			files = (
				342649E12A3146BA006150C0 /* Assets.xcassets in Resources */,
				34264A082A3147DD006150C0 /* Launch Screen.storyboard in Resources */,
				34264A0A2A314892006150C0 /* mainStoryboard.storyboard in Resources */,
			);
			runOnlyForDeploymentPostprocessing = 0;
		};
		342649E82A3146BB006150C0 /* Resources */ = {
			isa = PBXResourcesBuildPhase;
			buildActionMask = 2147483647;
			files = (
			);
			runOnlyForDeploymentPostprocessing = 0;
		};
		342649F22A3146BB006150C0 /* Resources */ = {
			isa = PBXResourcesBuildPhase;
			buildActionMask = 2147483647;
			files = (
			);
			runOnlyForDeploymentPostprocessing = 0;
		};
/* End PBXResourcesBuildPhase section */

/* Begin PBXSourcesBuildPhase section */
		342649D02A3146B9006150C0 /* Sources */ = {
			isa = PBXSourcesBuildPhase;
			buildActionMask = 2147483647;
			files = (
				342649DC2A3146B9006150C0 /* ViewController.swift in Sources */,
				342649D82A3146B9006150C0 /* AppDelegate.swift in Sources */,
				342649DA2A3146B9006150C0 /* SceneDelegate.swift in Sources */,
			);
			runOnlyForDeploymentPostprocessing = 0;
		};
		342649E62A3146BB006150C0 /* Sources */ = {
			isa = PBXSourcesBuildPhase;
			buildActionMask = 2147483647;
			files = (
				342649EF2A3146BB006150C0 /* iosPojects_WebbTests.swift in Sources */,
			);
			runOnlyForDeploymentPostprocessing = 0;
		};
		342649F02A3146BB006150C0 /* Sources */ = {
			isa = PBXSourcesBuildPhase;
			buildActionMask = 2147483647;
			files = (
				342649F92A3146BB006150C0 /* iosPojects_WebbUITests.swift in Sources */,
				342649FB2A3146BB006150C0 /* iosPojects_WebbUITestsLaunchTests.swift in Sources */,
			);
			runOnlyForDeploymentPostprocessing = 0;
		};
/* End PBXSourcesBuildPhase section */

/* Begin PBXTargetDependency section */
		342649EC2A3146BB006150C0 /* PBXTargetDependency */ = {
			isa = PBXTargetDependency;
			target = 342649D32A3146B9006150C0 /* iosPojects_Webb */;
			targetProxy = 342649EB2A3146BB006150C0 /* PBXContainerItemProxy */;
		};
		342649F62A3146BB006150C0 /* PBXTargetDependency */ = {
			isa = PBXTargetDependency;
			target = 342649D32A3146B9006150C0 /* iosPojects_Webb */;
			targetProxy = 342649F52A3146BB006150C0 /* PBXContainerItemProxy */;
		};
/* End PBXTargetDependency section */

/* Begin XCBuildConfiguration section */
		342649FC2A3146BB006150C0 /* Debug */ = {
			isa = XCBuildConfiguration;
			buildSettings = {
				ALWAYS_SEARCH_USER_PATHS = NO;
				CLANG_ANALYZER_NONNULL = YES;
				CLANG_ANALYZER_NUMBER_OBJECT_CONVERSION = YES_AGGRESSIVE;
				CLANG_CXX_LANGUAGE_STANDARD = "gnu++20";
				CLANG_ENABLE_MODULES = YES;
				CLANG_ENABLE_OBJC_ARC = YES;
				CLANG_ENABLE_OBJC_WEAK = YES;
				CLANG_WARN_BLOCK_CAPTURE_AUTORELEASING = YES;
				CLANG_WARN_BOOL_CONVERSION = YES;
				CLANG_WARN_COMMA = YES;
				CLANG_WARN_CONSTANT_CONVERSION = YES;
				CLANG_WARN_DEPRECATED_OBJC_IMPLEMENTATIONS = YES;
				CLANG_WARN_DIRECT_OBJC_ISA_USAGE = YES_ERROR;
				CLANG_WARN_DOCUMENTATION_COMMENTS = YES;
				CLANG_WARN_EMPTY_BODY = YES;
				CLANG_WARN_ENUM_CONVERSION = YES;
				CLANG_WARN_INFINITE_RECURSION = YES;
				CLANG_WARN_INT_CONVERSION = YES;
				CLANG_WARN_NON_LITERAL_NULL_CONVERSION = YES;
				CLANG_WARN_OBJC_IMPLICIT_RETAIN_SELF = YES;
				CLANG_WARN_OBJC_LITERAL_CONVERSION = YES;
				CLANG_WARN_OBJC_ROOT_CLASS = YES_ERROR;
				CLANG_WARN_QUOTED_INCLUDE_IN_FRAMEWORK_HEADER = YES;
				CLANG_WARN_RANGE_LOOP_ANALYSIS = YES;
				CLANG_WARN_STRICT_PROTOTYPES = YES;
				CLANG_WARN_SUSPICIOUS_MOVE = YES;
				CLANG_WARN_UNGUARDED_AVAILABILITY = YES_AGGRESSIVE;
				CLANG_WARN_UNREACHABLE_CODE = YES;
				CLANG_WARN__DUPLICATE_METHOD_MATCH = YES;
				COPY_PHASE_STRIP = NO;
				DEBUG_INFORMATION_FORMAT = dwarf;
				ENABLE_STRICT_OBJC_MSGSEND = YES;
				ENABLE_TESTABILITY = YES;
				GCC_C_LANGUAGE_STANDARD = gnu11;
				GCC_DYNAMIC_NO_PIC = NO;
				GCC_NO_COMMON_BLOCKS = YES;
				GCC_OPTIMIZATION_LEVEL = 0;
				GCC_PREPROCESSOR_DEFINITIONS = (
					"DEBUG=1",
					"$(inherited)",
				);
				GCC_WARN_64_TO_32_BIT_CONVERSION = YES;
				GCC_WARN_ABOUT_RETURN_TYPE = YES_ERROR;
				GCC_WARN_UNDECLARED_SELECTOR = YES;
				GCC_WARN_UNINITIALIZED_AUTOS = YES_AGGRESSIVE;
				GCC_WARN_UNUSED_FUNCTION = YES;
				GCC_WARN_UNUSED_VARIABLE = YES;
				IPHONEOS_DEPLOYMENT_TARGET = 16.4;
				MTL_ENABLE_DEBUG_INFO = INCLUDE_SOURCE;
				MTL_FAST_MATH = YES;
				ONLY_ACTIVE_ARCH = YES;
				SDKROOT = iphoneos;
				SWIFT_ACTIVE_COMPILATION_CONDITIONS = DEBUG;
				SWIFT_OPTIMIZATION_LEVEL = "-Onone";
			};
			name = Debug;
		};
		342649FD2A3146BB006150C0 /* Release */ = {
			isa = XCBuildConfiguration;
			buildSettings = {
				ALWAYS_SEARCH_USER_PATHS = NO;
				CLANG_ANALYZER_NONNULL = YES;
				CLANG_ANALYZER_NUMBER_OBJECT_CONVERSION = YES_AGGRESSIVE;
				CLANG_CXX_LANGUAGE_STANDARD = "gnu++20";
				CLANG_ENABLE_MODULES = YES;
				CLANG_ENABLE_OBJC_ARC = YES;
				CLANG_ENABLE_OBJC_WEAK = YES;
				CLANG_WARN_BLOCK_CAPTURE_AUTORELEASING = YES;
				CLANG_WARN_BOOL_CONVERSION = YES;
				CLANG_WARN_COMMA = YES;
				CLANG_WARN_CONSTANT_CONVERSION = YES;
				CLANG_WARN_DEPRECATED_OBJC_IMPLEMENTATIONS = YES;
				CLANG_WARN_DIRECT_OBJC_ISA_USAGE = YES_ERROR;
				CLANG_WARN_DOCUMENTATION_COMMENTS = YES;
				CLANG_WARN_EMPTY_BODY = YES;
				CLANG_WARN_ENUM_CONVERSION = YES;
				CLANG_WARN_INFINITE_RECURSION = YES;
				CLANG_WARN_INT_CONVERSION = YES;
				CLANG_WARN_NON_LITERAL_NULL_CONVERSION = YES;
				CLANG_WARN_OBJC_IMPLICIT_RETAIN_SELF = YES;
				CLANG_WARN_OBJC_LITERAL_CONVERSION = YES;
				CLANG_WARN_OBJC_ROOT_CLASS = YES_ERROR;
				CLANG_WARN_QUOTED_INCLUDE_IN_FRAMEWORK_HEADER = YES;
				CLANG_WARN_RANGE_LOOP_ANALYSIS = YES;
				CLANG_WARN_STRICT_PROTOTYPES = YES;
				CLANG_WARN_SUSPICIOUS_MOVE = YES;
				CLANG_WARN_UNGUARDED_AVAILABILITY = YES_AGGRESSIVE;
				CLANG_WARN_UNREACHABLE_CODE = YES;
				CLANG_WARN__DUPLICATE_METHOD_MATCH = YES;
				COPY_PHASE_STRIP = NO;
				DEBUG_INFORMATION_FORMAT = "dwarf-with-dsym";
				ENABLE_NS_ASSERTIONS = NO;
				ENABLE_STRICT_OBJC_MSGSEND = YES;
				GCC_C_LANGUAGE_STANDARD = gnu11;
				GCC_NO_COMMON_BLOCKS = YES;
				GCC_WARN_64_TO_32_BIT_CONVERSION = YES;
				GCC_WARN_ABOUT_RETURN_TYPE = YES_ERROR;
				GCC_WARN_UNDECLARED_SELECTOR = YES;
				GCC_WARN_UNINITIALIZED_AUTOS = YES_AGGRESSIVE;
				GCC_WARN_UNUSED_FUNCTION = YES;
				GCC_WARN_UNUSED_VARIABLE = YES;
				IPHONEOS_DEPLOYMENT_TARGET = 16.4;
				MTL_ENABLE_DEBUG_INFO = NO;
				MTL_FAST_MATH = YES;
				SDKROOT = iphoneos;
				SWIFT_COMPILATION_MODE = wholemodule;
				SWIFT_OPTIMIZATION_LEVEL = "-O";
				VALIDATE_PRODUCT = YES;
			};
			name = Release;
		};
		342649FF2A3146BB006150C0 /* Debug */ = {
			isa = XCBuildConfiguration;
			buildSettings = {
				ASSETCATALOG_COMPILER_APPICON_NAME = AppIcon;
				ASSETCATALOG_COMPILER_GLOBAL_ACCENT_COLOR_NAME = AccentColor;
				CODE_SIGN_STYLE = Automatic;
				CURRENT_PROJECT_VERSION = 1;
				GENERATE_INFOPLIST_FILE = YES;
				INFOPLIST_FILE = iosPojects_Webb/Info.plist;
				INFOPLIST_KEY_UIApplicationSupportsIndirectInputEvents = YES;
				INFOPLIST_KEY_UILaunchStoryboardName = LaunchScreen;
				INFOPLIST_KEY_UIMainStoryboardFile = Main;
				INFOPLIST_KEY_UISupportedInterfaceOrientations_iPad = "UIInterfaceOrientationPortrait UIInterfaceOrientationPortraitUpsideDown UIInterfaceOrientationLandscapeLeft UIInterfaceOrientationLandscapeRight";
				INFOPLIST_KEY_UISupportedInterfaceOrientations_iPhone = "UIInterfaceOrientationPortrait UIInterfaceOrientationLandscapeLeft UIInterfaceOrientationLandscapeRight";
				LD_RUNPATH_SEARCH_PATHS = (
					"$(inherited)",
					"@executable_path/Frameworks",
				);
				MARKETING_VERSION = 1.0;
				PRODUCT_BUNDLE_IDENTIFIER = "YearUp.iosPojects-Webb";
				PRODUCT_NAME = "$(TARGET_NAME)";
				SWIFT_EMIT_LOC_STRINGS = YES;
				SWIFT_VERSION = 5.0;
				TARGETED_DEVICE_FAMILY = "1,2";
			};
			name = Debug;
		};
		34264A002A3146BB006150C0 /* Release */ = {
			isa = XCBuildConfiguration;
			buildSettings = {
				ASSETCATALOG_COMPILER_APPICON_NAME = AppIcon;
				ASSETCATALOG_COMPILER_GLOBAL_ACCENT_COLOR_NAME = AccentColor;
				CODE_SIGN_STYLE = Automatic;
				CURRENT_PROJECT_VERSION = 1;
				GENERATE_INFOPLIST_FILE = YES;
				INFOPLIST_FILE = iosPojects_Webb/Info.plist;
				INFOPLIST_KEY_UIApplicationSupportsIndirectInputEvents = YES;
				INFOPLIST_KEY_UILaunchStoryboardName = LaunchScreen;
				INFOPLIST_KEY_UIMainStoryboardFile = Main;
				INFOPLIST_KEY_UISupportedInterfaceOrientations_iPad = "UIInterfaceOrientationPortrait UIInterfaceOrientationPortraitUpsideDown UIInterfaceOrientationLandscapeLeft UIInterfaceOrientationLandscapeRight";
				INFOPLIST_KEY_UISupportedInterfaceOrientations_iPhone = "UIInterfaceOrientationPortrait UIInterfaceOrientationLandscapeLeft UIInterfaceOrientationLandscapeRight";
				LD_RUNPATH_SEARCH_PATHS = (
					"$(inherited)",
					"@executable_path/Frameworks",
				);
				MARKETING_VERSION = 1.0;
				PRODUCT_BUNDLE_IDENTIFIER = "YearUp.iosPojects-Webb";
				PRODUCT_NAME = "$(TARGET_NAME)";
				SWIFT_EMIT_LOC_STRINGS = YES;
				SWIFT_VERSION = 5.0;
				TARGETED_DEVICE_FAMILY = "1,2";
			};
			name = Release;
		};
		34264A022A3146BB006150C0 /* Debug */ = {
			isa = XCBuildConfiguration;
			buildSettings = {
				ALWAYS_EMBED_SWIFT_STANDARD_LIBRARIES = YES;
				BUNDLE_LOADER = "$(TEST_HOST)";
				CODE_SIGN_STYLE = Automatic;
				CURRENT_PROJECT_VERSION = 1;
				GENERATE_INFOPLIST_FILE = YES;
				IPHONEOS_DEPLOYMENT_TARGET = 16.4;
				MARKETING_VERSION = 1.0;
				PRODUCT_BUNDLE_IDENTIFIER = "YearUp.iosPojects-WebbTests";
				PRODUCT_NAME = "$(TARGET_NAME)";
				SWIFT_EMIT_LOC_STRINGS = NO;
				SWIFT_VERSION = 5.0;
				TARGETED_DEVICE_FAMILY = "1,2";
				TEST_HOST = "$(BUILT_PRODUCTS_DIR)/iosPojects_Webb.app/$(BUNDLE_EXECUTABLE_FOLDER_PATH)/iosPojects_Webb";
			};
			name = Debug;
		};
		34264A032A3146BB006150C0 /* Release */ = {
			isa = XCBuildConfiguration;
			buildSettings = {
				ALWAYS_EMBED_SWIFT_STANDARD_LIBRARIES = YES;
				BUNDLE_LOADER = "$(TEST_HOST)";
				CODE_SIGN_STYLE = Automatic;
				CURRENT_PROJECT_VERSION = 1;
				GENERATE_INFOPLIST_FILE = YES;
				IPHONEOS_DEPLOYMENT_TARGET = 16.4;
				MARKETING_VERSION = 1.0;
				PRODUCT_BUNDLE_IDENTIFIER = "YearUp.iosPojects-WebbTests";
				PRODUCT_NAME = "$(TARGET_NAME)";
				SWIFT_EMIT_LOC_STRINGS = NO;
				SWIFT_VERSION = 5.0;
				TARGETED_DEVICE_FAMILY = "1,2";
				TEST_HOST = "$(BUILT_PRODUCTS_DIR)/iosPojects_Webb.app/$(BUNDLE_EXECUTABLE_FOLDER_PATH)/iosPojects_Webb";
			};
			name = Release;
		};
		34264A052A3146BB006150C0 /* Debug */ = {
			isa = XCBuildConfiguration;
			buildSettings = {
				ALWAYS_EMBED_SWIFT_STANDARD_LIBRARIES = YES;
				CODE_SIGN_STYLE = Automatic;
				CURRENT_PROJECT_VERSION = 1;
				GENERATE_INFOPLIST_FILE = YES;
				MARKETING_VERSION = 1.0;
				PRODUCT_BUNDLE_IDENTIFIER = "YearUp.iosPojects-WebbUITests";
				PRODUCT_NAME = "$(TARGET_NAME)";
				SWIFT_EMIT_LOC_STRINGS = NO;
				SWIFT_VERSION = 5.0;
				TARGETED_DEVICE_FAMILY = "1,2";
				TEST_TARGET_NAME = iosPojects_Webb;
			};
			name = Debug;
		};
		34264A062A3146BB006150C0 /* Release */ = {
			isa = XCBuildConfiguration;
			buildSettings = {
				ALWAYS_EMBED_SWIFT_STANDARD_LIBRARIES = YES;
				CODE_SIGN_STYLE = Automatic;
				CURRENT_PROJECT_VERSION = 1;
				GENERATE_INFOPLIST_FILE = YES;
				MARKETING_VERSION = 1.0;
				PRODUCT_BUNDLE_IDENTIFIER = "YearUp.iosPojects-WebbUITests";
				PRODUCT_NAME = "$(TARGET_NAME)";
				SWIFT_EMIT_LOC_STRINGS = NO;
				SWIFT_VERSION = 5.0;
				TARGETED_DEVICE_FAMILY = "1,2";
				TEST_TARGET_NAME = iosPojects_Webb;
			};
			name = Release;
		};
/* End XCBuildConfiguration section */

/* Begin XCConfigurationList section */
		342649CF2A3146B9006150C0 /* Build configuration list for PBXProject "iosPojects_Webb" */ = {
			isa = XCConfigurationList;
			buildConfigurations = (
				342649FC2A3146BB006150C0 /* Debug */,
				342649FD2A3146BB006150C0 /* Release */,
			);
			defaultConfigurationIsVisible = 0;
			defaultConfigurationName = Release;
		};
		342649FE2A3146BB006150C0 /* Build configuration list for PBXNativeTarget "iosPojects_Webb" */ = {
			isa = XCConfigurationList;
			buildConfigurations = (
				342649FF2A3146BB006150C0 /* Debug */,
				34264A002A3146BB006150C0 /* Release */,
			);
			defaultConfigurationIsVisible = 0;
			defaultConfigurationName = Release;
		};
		34264A012A3146BB006150C0 /* Build configuration list for PBXNativeTarget "iosPojects_WebbTests" */ = {
			isa = XCConfigurationList;
			buildConfigurations = (
				34264A022A3146BB006150C0 /* Debug */,
				34264A032A3146BB006150C0 /* Release */,
			);
			defaultConfigurationIsVisible = 0;
			defaultConfigurationName = Release;
		};
		34264A042A3146BB006150C0 /* Build configuration list for PBXNativeTarget "iosPojects_WebbUITests" */ = {
			isa = XCConfigurationList;
			buildConfigurations = (
				34264A052A3146BB006150C0 /* Debug */,
				34264A062A3146BB006150C0 /* Release */,
			);
			defaultConfigurationIsVisible = 0;
			defaultConfigurationName = Release;
		};
/* End XCConfigurationList section */
	};
	rootObject = 342649CC2A3146B9006150C0 /* Project object */;
}
