// !$*UTF8*$!
{
	archiveVersion = 1;
	classes = {
	};
	objectVersion = 56;
	objects = {

/* Begin PBXBuildFile section */
		34F3D8712A5F7F4B00F6A0A2 /* AppDelegate.swift in Sources */ = {isa = PBXBuildFile; fileRef = 34F3D8702A5F7F4B00F6A0A2 /* AppDelegate.swift */; };
		34F3D8732A5F7F4B00F6A0A2 /* SceneDelegate.swift in Sources */ = {isa = PBXBuildFile; fileRef = 34F3D8722A5F7F4B00F6A0A2 /* SceneDelegate.swift */; };
		34F3D8782A5F7F4B00F6A0A2 /* Main.storyboard in Resources */ = {isa = PBXBuildFile; fileRef = 34F3D8762A5F7F4B00F6A0A2 /* Main.storyboard */; };
		34F3D87A2A5F7F4C00F6A0A2 /* Assets.xcassets in Resources */ = {isa = PBXBuildFile; fileRef = 34F3D8792A5F7F4C00F6A0A2 /* Assets.xcassets */; };
		34F3D87D2A5F7F4C00F6A0A2 /* LaunchScreen.storyboard in Resources */ = {isa = PBXBuildFile; fileRef = 34F3D87B2A5F7F4C00F6A0A2 /* LaunchScreen.storyboard */; };
		34F3D8882A5F7F4C00F6A0A2 /* Hello_WordlTests.swift in Sources */ = {isa = PBXBuildFile; fileRef = 34F3D8872A5F7F4C00F6A0A2 /* Hello_WordlTests.swift */; };
		34F3D8922A5F7F4C00F6A0A2 /* Hello_WordlUITests.swift in Sources */ = {isa = PBXBuildFile; fileRef = 34F3D8912A5F7F4C00F6A0A2 /* Hello_WordlUITests.swift */; };
		34F3D8942A5F7F4C00F6A0A2 /* Hello_WordlUITestsLaunchTests.swift in Sources */ = {isa = PBXBuildFile; fileRef = 34F3D8932A5F7F4C00F6A0A2 /* Hello_WordlUITestsLaunchTests.swift */; };
		34F3D8AA2A5F829700F6A0A2 /* KeyboardViewController.swift in Sources */ = {isa = PBXBuildFile; fileRef = 34F3D8A92A5F829700F6A0A2 /* KeyboardViewController.swift */; };
		34F3D8B02A5F838D00F6A0A2 /* ViewController.swift in Sources */ = {isa = PBXBuildFile; fileRef = 34F3D8AF2A5F838D00F6A0A2 /* ViewController.swift */; };
		34F3D8B22A5F83A000F6A0A2 /* BoardViewController.swift in Sources */ = {isa = PBXBuildFile; fileRef = 34F3D8B12A5F83A000F6A0A2 /* BoardViewController.swift */; };
		34F3D8B42A5F8E3A00F6A0A2 /* KeyCell.swift in Sources */ = {isa = PBXBuildFile; fileRef = 34F3D8B32A5F8E3A00F6A0A2 /* KeyCell.swift */; };
/* End PBXBuildFile section */

/* Begin PBXContainerItemProxy section */
		34F3D8842A5F7F4C00F6A0A2 /* PBXContainerItemProxy */ = {
			isa = PBXContainerItemProxy;
			containerPortal = 34F3D8652A5F7F4B00F6A0A2 /* Project object */;
			proxyType = 1;
			remoteGlobalIDString = 34F3D86C2A5F7F4B00F6A0A2;
			remoteInfo = "Hello Wordl";
		};
		34F3D88E2A5F7F4C00F6A0A2 /* PBXContainerItemProxy */ = {
			isa = PBXContainerItemProxy;
			containerPortal = 34F3D8652A5F7F4B00F6A0A2 /* Project object */;
			proxyType = 1;
			remoteGlobalIDString = 34F3D86C2A5F7F4B00F6A0A2;
			remoteInfo = "Hello Wordl";
		};
/* End PBXContainerItemProxy section */

/* Begin PBXFileReference section */
		34F3D86D2A5F7F4B00F6A0A2 /* Hello Wordl.app */ = {isa = PBXFileReference; explicitFileType = wrapper.application; includeInIndex = 0; path = "Hello Wordl.app"; sourceTree = BUILT_PRODUCTS_DIR; };
		34F3D8702A5F7F4B00F6A0A2 /* AppDelegate.swift */ = {isa = PBXFileReference; lastKnownFileType = sourcecode.swift; path = AppDelegate.swift; sourceTree = "<group>"; };
		34F3D8722A5F7F4B00F6A0A2 /* SceneDelegate.swift */ = {isa = PBXFileReference; lastKnownFileType = sourcecode.swift; path = SceneDelegate.swift; sourceTree = "<group>"; };
		34F3D8772A5F7F4B00F6A0A2 /* Base */ = {isa = PBXFileReference; lastKnownFileType = file.storyboard; name = Base; path = Base.lproj/Main.storyboard; sourceTree = "<group>"; };
		34F3D8792A5F7F4C00F6A0A2 /* Assets.xcassets */ = {isa = PBXFileReference; lastKnownFileType = folder.assetcatalog; path = Assets.xcassets; sourceTree = "<group>"; };
		34F3D87C2A5F7F4C00F6A0A2 /* Base */ = {isa = PBXFileReference; lastKnownFileType = file.storyboard; name = Base; path = Base.lproj/LaunchScreen.storyboard; sourceTree = "<group>"; };
		34F3D87E2A5F7F4C00F6A0A2 /* Info.plist */ = {isa = PBXFileReference; lastKnownFileType = text.plist.xml; path = Info.plist; sourceTree = "<group>"; };
		34F3D8832A5F7F4C00F6A0A2 /* Hello WordlTests.xctest */ = {isa = PBXFileReference; explicitFileType = wrapper.cfbundle; includeInIndex = 0; path = "Hello WordlTests.xctest"; sourceTree = BUILT_PRODUCTS_DIR; };
		34F3D8872A5F7F4C00F6A0A2 /* Hello_WordlTests.swift */ = {isa = PBXFileReference; lastKnownFileType = sourcecode.swift; path = Hello_WordlTests.swift; sourceTree = "<group>"; };
		34F3D88D2A5F7F4C00F6A0A2 /* Hello WordlUITests.xctest */ = {isa = PBXFileReference; explicitFileType = wrapper.cfbundle; includeInIndex = 0; path = "Hello WordlUITests.xctest"; sourceTree = BUILT_PRODUCTS_DIR; };
		34F3D8912A5F7F4C00F6A0A2 /* Hello_WordlUITests.swift */ = {isa = PBXFileReference; lastKnownFileType = sourcecode.swift; path = Hello_WordlUITests.swift; sourceTree = "<group>"; };
		34F3D8932A5F7F4C00F6A0A2 /* Hello_WordlUITestsLaunchTests.swift */ = {isa = PBXFileReference; lastKnownFileType = sourcecode.swift; path = Hello_WordlUITestsLaunchTests.swift; sourceTree = "<group>"; };
		34F3D8A92A5F829700F6A0A2 /* KeyboardViewController.swift */ = {isa = PBXFileReference; lastKnownFileType = sourcecode.swift; path = KeyboardViewController.swift; sourceTree = "<group>"; };
		34F3D8AF2A5F838D00F6A0A2 /* ViewController.swift */ = {isa = PBXFileReference; lastKnownFileType = sourcecode.swift; path = ViewController.swift; sourceTree = "<group>"; };
		34F3D8B12A5F83A000F6A0A2 /* BoardViewController.swift */ = {isa = PBXFileReference; lastKnownFileType = sourcecode.swift; path = BoardViewController.swift; sourceTree = "<group>"; };
		34F3D8B32A5F8E3A00F6A0A2 /* KeyCell.swift */ = {isa = PBXFileReference; lastKnownFileType = sourcecode.swift; path = KeyCell.swift; sourceTree = "<group>"; };
/* End PBXFileReference section */

/* Begin PBXFrameworksBuildPhase section */
		34F3D86A2A5F7F4B00F6A0A2 /* Frameworks */ = {
			isa = PBXFrameworksBuildPhase;
			buildActionMask = 2147483647;
			files = (
			);
			runOnlyForDeploymentPostprocessing = 0;
		};
		34F3D8802A5F7F4C00F6A0A2 /* Frameworks */ = {
			isa = PBXFrameworksBuildPhase;
			buildActionMask = 2147483647;
			files = (
			);
			runOnlyForDeploymentPostprocessing = 0;
		};
		34F3D88A2A5F7F4C00F6A0A2 /* Frameworks */ = {
			isa = PBXFrameworksBuildPhase;
			buildActionMask = 2147483647;
			files = (
			);
			runOnlyForDeploymentPostprocessing = 0;
		};
/* End PBXFrameworksBuildPhase section */

/* Begin PBXGroup section */
		34F3D8642A5F7F4B00F6A0A2 = {
			isa = PBXGroup;
			children = (
				34F3D86F2A5F7F4B00F6A0A2 /* Hello Wordl */,
				34F3D8862A5F7F4C00F6A0A2 /* Hello WordlTests */,
				34F3D8902A5F7F4C00F6A0A2 /* Hello WordlUITests */,
				34F3D86E2A5F7F4B00F6A0A2 /* Products */,
			);
			sourceTree = "<group>";
		};
		34F3D86E2A5F7F4B00F6A0A2 /* Products */ = {
			isa = PBXGroup;
			children = (
				34F3D86D2A5F7F4B00F6A0A2 /* Hello Wordl.app */,
				34F3D8832A5F7F4C00F6A0A2 /* Hello WordlTests.xctest */,
				34F3D88D2A5F7F4C00F6A0A2 /* Hello WordlUITests.xctest */,
			);
			name = Products;
			sourceTree = "<group>";
		};
		34F3D86F2A5F7F4B00F6A0A2 /* Hello Wordl */ = {
			isa = PBXGroup;
			children = (
				34F3D8A12A5F804000F6A0A2 /* Other */,
				34F3D8A02A5F803900F6A0A2 /* Core */,
				34F3D87E2A5F7F4C00F6A0A2 /* Info.plist */,
			);
			path = "Hello Wordl";
			sourceTree = "<group>";
		};
		34F3D8862A5F7F4C00F6A0A2 /* Hello WordlTests */ = {
			isa = PBXGroup;
			children = (
				34F3D8872A5F7F4C00F6A0A2 /* Hello_WordlTests.swift */,
			);
			path = "Hello WordlTests";
			sourceTree = "<group>";
		};
		34F3D8902A5F7F4C00F6A0A2 /* Hello WordlUITests */ = {
			isa = PBXGroup;
			children = (
				34F3D8912A5F7F4C00F6A0A2 /* Hello_WordlUITests.swift */,
				34F3D8932A5F7F4C00F6A0A2 /* Hello_WordlUITestsLaunchTests.swift */,
			);
			path = "Hello WordlUITests";
			sourceTree = "<group>";
		};
		34F3D8A02A5F803900F6A0A2 /* Core */ = {
			isa = PBXGroup;
			children = (
				34F3D8AF2A5F838D00F6A0A2 /* ViewController.swift */,
				34F3D8A92A5F829700F6A0A2 /* KeyboardViewController.swift */,
				34F3D8B12A5F83A000F6A0A2 /* BoardViewController.swift */,
				34F3D8B32A5F8E3A00F6A0A2 /* KeyCell.swift */,
			);
			path = Core;
			sourceTree = "<group>";
		};
		34F3D8A12A5F804000F6A0A2 /* Other */ = {
			isa = PBXGroup;
			children = (
				34F3D8702A5F7F4B00F6A0A2 /* AppDelegate.swift */,
				34F3D8722A5F7F4B00F6A0A2 /* SceneDelegate.swift */,
				34F3D8762A5F7F4B00F6A0A2 /* Main.storyboard */,
				34F3D8792A5F7F4C00F6A0A2 /* Assets.xcassets */,
				34F3D87B2A5F7F4C00F6A0A2 /* LaunchScreen.storyboard */,
			);
			path = Other;
			sourceTree = "<group>";
		};
/* End PBXGroup section */

/* Begin PBXNativeTarget section */
		34F3D86C2A5F7F4B00F6A0A2 /* Hello Wordl */ = {
			isa = PBXNativeTarget;
			buildConfigurationList = 34F3D8972A5F7F4C00F6A0A2 /* Build configuration list for PBXNativeTarget "Hello Wordl" */;
			buildPhases = (
				34F3D8692A5F7F4B00F6A0A2 /* Sources */,
				34F3D86A2A5F7F4B00F6A0A2 /* Frameworks */,
				34F3D86B2A5F7F4B00F6A0A2 /* Resources */,
			);
			buildRules = (
			);
			dependencies = (
			);
			name = "Hello Wordl";
			productName = "Hello Wordl";
			productReference = 34F3D86D2A5F7F4B00F6A0A2 /* Hello Wordl.app */;
			productType = "com.apple.product-type.application";
		};
		34F3D8822A5F7F4C00F6A0A2 /* Hello WordlTests */ = {
			isa = PBXNativeTarget;
			buildConfigurationList = 34F3D89A2A5F7F4C00F6A0A2 /* Build configuration list for PBXNativeTarget "Hello WordlTests" */;
			buildPhases = (
				34F3D87F2A5F7F4C00F6A0A2 /* Sources */,
				34F3D8802A5F7F4C00F6A0A2 /* Frameworks */,
				34F3D8812A5F7F4C00F6A0A2 /* Resources */,
			);
			buildRules = (
			);
			dependencies = (
				34F3D8852A5F7F4C00F6A0A2 /* PBXTargetDependency */,
			);
			name = "Hello WordlTests";
			productName = "Hello WordlTests";
			productReference = 34F3D8832A5F7F4C00F6A0A2 /* Hello WordlTests.xctest */;
			productType = "com.apple.product-type.bundle.unit-test";
		};
		34F3D88C2A5F7F4C00F6A0A2 /* Hello WordlUITests */ = {
			isa = PBXNativeTarget;
			buildConfigurationList = 34F3D89D2A5F7F4C00F6A0A2 /* Build configuration list for PBXNativeTarget "Hello WordlUITests" */;
			buildPhases = (
				34F3D8892A5F7F4C00F6A0A2 /* Sources */,
				34F3D88A2A5F7F4C00F6A0A2 /* Frameworks */,
				34F3D88B2A5F7F4C00F6A0A2 /* Resources */,
			);
			buildRules = (
			);
			dependencies = (
				34F3D88F2A5F7F4C00F6A0A2 /* PBXTargetDependency */,
			);
			name = "Hello WordlUITests";
			productName = "Hello WordlUITests";
			productReference = 34F3D88D2A5F7F4C00F6A0A2 /* Hello WordlUITests.xctest */;
			productType = "com.apple.product-type.bundle.ui-testing";
		};
/* End PBXNativeTarget section */

/* Begin PBXProject section */
		34F3D8652A5F7F4B00F6A0A2 /* Project object */ = {
			isa = PBXProject;
			attributes = {
				BuildIndependentTargetsInParallel = 1;
				LastSwiftUpdateCheck = 1430;
				LastUpgradeCheck = 1430;
				TargetAttributes = {
					34F3D86C2A5F7F4B00F6A0A2 = {
						CreatedOnToolsVersion = 14.3.1;
					};
					34F3D8822A5F7F4C00F6A0A2 = {
						CreatedOnToolsVersion = 14.3.1;
						TestTargetID = 34F3D86C2A5F7F4B00F6A0A2;
					};
					34F3D88C2A5F7F4C00F6A0A2 = {
						CreatedOnToolsVersion = 14.3.1;
						TestTargetID = 34F3D86C2A5F7F4B00F6A0A2;
					};
				};
			};
			buildConfigurationList = 34F3D8682A5F7F4B00F6A0A2 /* Build configuration list for PBXProject "Hello Wordl" */;
			compatibilityVersion = "Xcode 14.0";
			developmentRegion = en;
			hasScannedForEncodings = 0;
			knownRegions = (
				en,
				Base,
			);
			mainGroup = 34F3D8642A5F7F4B00F6A0A2;
			productRefGroup = 34F3D86E2A5F7F4B00F6A0A2 /* Products */;
			projectDirPath = "";
			projectRoot = "";
			targets = (
				34F3D86C2A5F7F4B00F6A0A2 /* Hello Wordl */,
				34F3D8822A5F7F4C00F6A0A2 /* Hello WordlTests */,
				34F3D88C2A5F7F4C00F6A0A2 /* Hello WordlUITests */,
			);
		};
/* End PBXProject section */

/* Begin PBXResourcesBuildPhase section */
		34F3D86B2A5F7F4B00F6A0A2 /* Resources */ = {
			isa = PBXResourcesBuildPhase;
			buildActionMask = 2147483647;
			files = (
				34F3D87D2A5F7F4C00F6A0A2 /* LaunchScreen.storyboard in Resources */,
				34F3D87A2A5F7F4C00F6A0A2 /* Assets.xcassets in Resources */,
				34F3D8782A5F7F4B00F6A0A2 /* Main.storyboard in Resources */,
			);
			runOnlyForDeploymentPostprocessing = 0;
		};
		34F3D8812A5F7F4C00F6A0A2 /* Resources */ = {
			isa = PBXResourcesBuildPhase;
			buildActionMask = 2147483647;
			files = (
			);
			runOnlyForDeploymentPostprocessing = 0;
		};
		34F3D88B2A5F7F4C00F6A0A2 /* Resources */ = {
			isa = PBXResourcesBuildPhase;
			buildActionMask = 2147483647;
			files = (
			);
			runOnlyForDeploymentPostprocessing = 0;
		};
/* End PBXResourcesBuildPhase section */

/* Begin PBXSourcesBuildPhase section */
		34F3D8692A5F7F4B00F6A0A2 /* Sources */ = {
			isa = PBXSourcesBuildPhase;
			buildActionMask = 2147483647;
			files = (
				34F3D8AA2A5F829700F6A0A2 /* KeyboardViewController.swift in Sources */,
				34F3D8712A5F7F4B00F6A0A2 /* AppDelegate.swift in Sources */,
				34F3D8B02A5F838D00F6A0A2 /* ViewController.swift in Sources */,
				34F3D8B42A5F8E3A00F6A0A2 /* KeyCell.swift in Sources */,
				34F3D8732A5F7F4B00F6A0A2 /* SceneDelegate.swift in Sources */,
				34F3D8B22A5F83A000F6A0A2 /* BoardViewController.swift in Sources */,
			);
			runOnlyForDeploymentPostprocessing = 0;
		};
		34F3D87F2A5F7F4C00F6A0A2 /* Sources */ = {
			isa = PBXSourcesBuildPhase;
			buildActionMask = 2147483647;
			files = (
				34F3D8882A5F7F4C00F6A0A2 /* Hello_WordlTests.swift in Sources */,
			);
			runOnlyForDeploymentPostprocessing = 0;
		};
		34F3D8892A5F7F4C00F6A0A2 /* Sources */ = {
			isa = PBXSourcesBuildPhase;
			buildActionMask = 2147483647;
			files = (
				34F3D8942A5F7F4C00F6A0A2 /* Hello_WordlUITestsLaunchTests.swift in Sources */,
				34F3D8922A5F7F4C00F6A0A2 /* Hello_WordlUITests.swift in Sources */,
			);
			runOnlyForDeploymentPostprocessing = 0;
		};
/* End PBXSourcesBuildPhase section */

/* Begin PBXTargetDependency section */
		34F3D8852A5F7F4C00F6A0A2 /* PBXTargetDependency */ = {
			isa = PBXTargetDependency;
			target = 34F3D86C2A5F7F4B00F6A0A2 /* Hello Wordl */;
			targetProxy = 34F3D8842A5F7F4C00F6A0A2 /* PBXContainerItemProxy */;
		};
		34F3D88F2A5F7F4C00F6A0A2 /* PBXTargetDependency */ = {
			isa = PBXTargetDependency;
			target = 34F3D86C2A5F7F4B00F6A0A2 /* Hello Wordl */;
			targetProxy = 34F3D88E2A5F7F4C00F6A0A2 /* PBXContainerItemProxy */;
		};
/* End PBXTargetDependency section */

/* Begin PBXVariantGroup section */
		34F3D8762A5F7F4B00F6A0A2 /* Main.storyboard */ = {
			isa = PBXVariantGroup;
			children = (
				34F3D8772A5F7F4B00F6A0A2 /* Base */,
			);
			name = Main.storyboard;
			sourceTree = "<group>";
		};
		34F3D87B2A5F7F4C00F6A0A2 /* LaunchScreen.storyboard */ = {
			isa = PBXVariantGroup;
			children = (
				34F3D87C2A5F7F4C00F6A0A2 /* Base */,
			);
			name = LaunchScreen.storyboard;
			sourceTree = "<group>";
		};
/* End PBXVariantGroup section */

/* Begin XCBuildConfiguration section */
		34F3D8952A5F7F4C00F6A0A2 /* Debug */ = {
			isa = XCBuildConfiguration;
			buildSettings = {
				ALWAYS_SEARCH_USER_PATHS = NO;
				CLANG_ANALYZER_NONNULL = YES;
				CLANG_ANALYZER_NUMBER_OBJECT_CONVERSION = YES_AGGRESSIVE;
				CLANG_CXX_LANGUAGE_STANDARD = "gnu++20";
				CLANG_ENABLE_MODULES = YES;
				CLANG_ENABLE_OBJC_ARC = YES;
				CLANG_ENABLE_OBJC_WEAK = YES;
				CLANG_WARN_BLOCK_CAPTURE_AUTORELEASING = YES;
				CLANG_WARN_BOOL_CONVERSION = YES;
				CLANG_WARN_COMMA = YES;
				CLANG_WARN_CONSTANT_CONVERSION = YES;
				CLANG_WARN_DEPRECATED_OBJC_IMPLEMENTATIONS = YES;
				CLANG_WARN_DIRECT_OBJC_ISA_USAGE = YES_ERROR;
				CLANG_WARN_DOCUMENTATION_COMMENTS = YES;
				CLANG_WARN_EMPTY_BODY = YES;
				CLANG_WARN_ENUM_CONVERSION = YES;
				CLANG_WARN_INFINITE_RECURSION = YES;
				CLANG_WARN_INT_CONVERSION = YES;
				CLANG_WARN_NON_LITERAL_NULL_CONVERSION = YES;
				CLANG_WARN_OBJC_IMPLICIT_RETAIN_SELF = YES;
				CLANG_WARN_OBJC_LITERAL_CONVERSION = YES;
				CLANG_WARN_OBJC_ROOT_CLASS = YES_ERROR;
				CLANG_WARN_QUOTED_INCLUDE_IN_FRAMEWORK_HEADER = YES;
				CLANG_WARN_RANGE_LOOP_ANALYSIS = YES;
				CLANG_WARN_STRICT_PROTOTYPES = YES;
				CLANG_WARN_SUSPICIOUS_MOVE = YES;
				CLANG_WARN_UNGUARDED_AVAILABILITY = YES_AGGRESSIVE;
				CLANG_WARN_UNREACHABLE_CODE = YES;
				CLANG_WARN__DUPLICATE_METHOD_MATCH = YES;
				COPY_PHASE_STRIP = NO;
				DEBUG_INFORMATION_FORMAT = dwarf;
				ENABLE_STRICT_OBJC_MSGSEND = YES;
				ENABLE_TESTABILITY = YES;
				GCC_C_LANGUAGE_STANDARD = gnu11;
				GCC_DYNAMIC_NO_PIC = NO;
				GCC_NO_COMMON_BLOCKS = YES;
				GCC_OPTIMIZATION_LEVEL = 0;
				GCC_PREPROCESSOR_DEFINITIONS = (
					"DEBUG=1",
					"$(inherited)",
				);
				GCC_WARN_64_TO_32_BIT_CONVERSION = YES;
				GCC_WARN_ABOUT_RETURN_TYPE = YES_ERROR;
				GCC_WARN_UNDECLARED_SELECTOR = YES;
				GCC_WARN_UNINITIALIZED_AUTOS = YES_AGGRESSIVE;
				GCC_WARN_UNUSED_FUNCTION = YES;
				GCC_WARN_UNUSED_VARIABLE = YES;
				IPHONEOS_DEPLOYMENT_TARGET = 16.4;
				MTL_ENABLE_DEBUG_INFO = INCLUDE_SOURCE;
				MTL_FAST_MATH = YES;
				ONLY_ACTIVE_ARCH = YES;
				SDKROOT = iphoneos;
				SWIFT_ACTIVE_COMPILATION_CONDITIONS = DEBUG;
				SWIFT_OPTIMIZATION_LEVEL = "-Onone";
			};
			name = Debug;
		};
		34F3D8962A5F7F4C00F6A0A2 /* Release */ = {
			isa = XCBuildConfiguration;
			buildSettings = {
				ALWAYS_SEARCH_USER_PATHS = NO;
				CLANG_ANALYZER_NONNULL = YES;
				CLANG_ANALYZER_NUMBER_OBJECT_CONVERSION = YES_AGGRESSIVE;
				CLANG_CXX_LANGUAGE_STANDARD = "gnu++20";
				CLANG_ENABLE_MODULES = YES;
				CLANG_ENABLE_OBJC_ARC = YES;
				CLANG_ENABLE_OBJC_WEAK = YES;
				CLANG_WARN_BLOCK_CAPTURE_AUTORELEASING = YES;
				CLANG_WARN_BOOL_CONVERSION = YES;
				CLANG_WARN_COMMA = YES;
				CLANG_WARN_CONSTANT_CONVERSION = YES;
				CLANG_WARN_DEPRECATED_OBJC_IMPLEMENTATIONS = YES;
				CLANG_WARN_DIRECT_OBJC_ISA_USAGE = YES_ERROR;
				CLANG_WARN_DOCUMENTATION_COMMENTS = YES;
				CLANG_WARN_EMPTY_BODY = YES;
				CLANG_WARN_ENUM_CONVERSION = YES;
				CLANG_WARN_INFINITE_RECURSION = YES;
				CLANG_WARN_INT_CONVERSION = YES;
				CLANG_WARN_NON_LITERAL_NULL_CONVERSION = YES;
				CLANG_WARN_OBJC_IMPLICIT_RETAIN_SELF = YES;
				CLANG_WARN_OBJC_LITERAL_CONVERSION = YES;
				CLANG_WARN_OBJC_ROOT_CLASS = YES_ERROR;
				CLANG_WARN_QUOTED_INCLUDE_IN_FRAMEWORK_HEADER = YES;
				CLANG_WARN_RANGE_LOOP_ANALYSIS = YES;
				CLANG_WARN_STRICT_PROTOTYPES = YES;
				CLANG_WARN_SUSPICIOUS_MOVE = YES;
				CLANG_WARN_UNGUARDED_AVAILABILITY = YES_AGGRESSIVE;
				CLANG_WARN_UNREACHABLE_CODE = YES;
				CLANG_WARN__DUPLICATE_METHOD_MATCH = YES;
				COPY_PHASE_STRIP = NO;
				DEBUG_INFORMATION_FORMAT = "dwarf-with-dsym";
				ENABLE_NS_ASSERTIONS = NO;
				ENABLE_STRICT_OBJC_MSGSEND = YES;
				GCC_C_LANGUAGE_STANDARD = gnu11;
				GCC_NO_COMMON_BLOCKS = YES;
				GCC_WARN_64_TO_32_BIT_CONVERSION = YES;
				GCC_WARN_ABOUT_RETURN_TYPE = YES_ERROR;
				GCC_WARN_UNDECLARED_SELECTOR = YES;
				GCC_WARN_UNINITIALIZED_AUTOS = YES_AGGRESSIVE;
				GCC_WARN_UNUSED_FUNCTION = YES;
				GCC_WARN_UNUSED_VARIABLE = YES;
				IPHONEOS_DEPLOYMENT_TARGET = 16.4;
				MTL_ENABLE_DEBUG_INFO = NO;
				MTL_FAST_MATH = YES;
				SDKROOT = iphoneos;
				SWIFT_COMPILATION_MODE = wholemodule;
				SWIFT_OPTIMIZATION_LEVEL = "-O";
				VALIDATE_PRODUCT = YES;
			};
			name = Release;
		};
		34F3D8982A5F7F4C00F6A0A2 /* Debug */ = {
			isa = XCBuildConfiguration;
			buildSettings = {
				ASSETCATALOG_COMPILER_APPICON_NAME = AppIcon;
				ASSETCATALOG_COMPILER_GLOBAL_ACCENT_COLOR_NAME = AccentColor;
				CODE_SIGN_STYLE = Automatic;
				CURRENT_PROJECT_VERSION = 1;
				GENERATE_INFOPLIST_FILE = YES;
				INFOPLIST_FILE = "Hello Wordl/Info.plist";
				INFOPLIST_KEY_UIApplicationSupportsIndirectInputEvents = YES;
				INFOPLIST_KEY_UILaunchStoryboardName = LaunchScreen;
				INFOPLIST_KEY_UIMainStoryboardFile = Main;
				INFOPLIST_KEY_UISupportedInterfaceOrientations_iPad = "UIInterfaceOrientationPortrait UIInterfaceOrientationPortraitUpsideDown UIInterfaceOrientationLandscapeLeft UIInterfaceOrientationLandscapeRight";
				INFOPLIST_KEY_UISupportedInterfaceOrientations_iPhone = "UIInterfaceOrientationPortrait UIInterfaceOrientationLandscapeLeft UIInterfaceOrientationLandscapeRight";
				LD_RUNPATH_SEARCH_PATHS = (
					"$(inherited)",
					"@executable_path/Frameworks",
				);
				MARKETING_VERSION = 1.0;
				PRODUCT_BUNDLE_IDENTIFIER = "YearUp.Hello-Wordl";
				PRODUCT_NAME = "$(TARGET_NAME)";
				SWIFT_EMIT_LOC_STRINGS = YES;
				SWIFT_VERSION = 5.0;
				TARGETED_DEVICE_FAMILY = "1,2";
			};
			name = Debug;
		};
		34F3D8992A5F7F4C00F6A0A2 /* Release */ = {
			isa = XCBuildConfiguration;
			buildSettings = {
				ASSETCATALOG_COMPILER_APPICON_NAME = AppIcon;
				ASSETCATALOG_COMPILER_GLOBAL_ACCENT_COLOR_NAME = AccentColor;
				CODE_SIGN_STYLE = Automatic;
				CURRENT_PROJECT_VERSION = 1;
				GENERATE_INFOPLIST_FILE = YES;
				INFOPLIST_FILE = "Hello Wordl/Info.plist";
				INFOPLIST_KEY_UIApplicationSupportsIndirectInputEvents = YES;
				INFOPLIST_KEY_UILaunchStoryboardName = LaunchScreen;
				INFOPLIST_KEY_UIMainStoryboardFile = Main;
				INFOPLIST_KEY_UISupportedInterfaceOrientations_iPad = "UIInterfaceOrientationPortrait UIInterfaceOrientationPortraitUpsideDown UIInterfaceOrientationLandscapeLeft UIInterfaceOrientationLandscapeRight";
				INFOPLIST_KEY_UISupportedInterfaceOrientations_iPhone = "UIInterfaceOrientationPortrait UIInterfaceOrientationLandscapeLeft UIInterfaceOrientationLandscapeRight";
				LD_RUNPATH_SEARCH_PATHS = (
					"$(inherited)",
					"@executable_path/Frameworks",
				);
				MARKETING_VERSION = 1.0;
				PRODUCT_BUNDLE_IDENTIFIER = "YearUp.Hello-Wordl";
				PRODUCT_NAME = "$(TARGET_NAME)";
				SWIFT_EMIT_LOC_STRINGS = YES;
				SWIFT_VERSION = 5.0;
				TARGETED_DEVICE_FAMILY = "1,2";
			};
			name = Release;
		};
		34F3D89B2A5F7F4C00F6A0A2 /* Debug */ = {
			isa = XCBuildConfiguration;
			buildSettings = {
				ALWAYS_EMBED_SWIFT_STANDARD_LIBRARIES = YES;
				BUNDLE_LOADER = "$(TEST_HOST)";
				CODE_SIGN_STYLE = Automatic;
				CURRENT_PROJECT_VERSION = 1;
				GENERATE_INFOPLIST_FILE = YES;
				IPHONEOS_DEPLOYMENT_TARGET = 16.4;
				MARKETING_VERSION = 1.0;
				PRODUCT_BUNDLE_IDENTIFIER = "YearUp.Hello-WordlTests";
				PRODUCT_NAME = "$(TARGET_NAME)";
				SWIFT_EMIT_LOC_STRINGS = NO;
				SWIFT_VERSION = 5.0;
				TARGETED_DEVICE_FAMILY = "1,2";
				TEST_HOST = "$(BUILT_PRODUCTS_DIR)/Hello Wordl.app/$(BUNDLE_EXECUTABLE_FOLDER_PATH)/Hello Wordl";
			};
			name = Debug;
		};
		34F3D89C2A5F7F4C00F6A0A2 /* Release */ = {
			isa = XCBuildConfiguration;
			buildSettings = {
				ALWAYS_EMBED_SWIFT_STANDARD_LIBRARIES = YES;
				BUNDLE_LOADER = "$(TEST_HOST)";
				CODE_SIGN_STYLE = Automatic;
				CURRENT_PROJECT_VERSION = 1;
				GENERATE_INFOPLIST_FILE = YES;
				IPHONEOS_DEPLOYMENT_TARGET = 16.4;
				MARKETING_VERSION = 1.0;
				PRODUCT_BUNDLE_IDENTIFIER = "YearUp.Hello-WordlTests";
				PRODUCT_NAME = "$(TARGET_NAME)";
				SWIFT_EMIT_LOC_STRINGS = NO;
				SWIFT_VERSION = 5.0;
				TARGETED_DEVICE_FAMILY = "1,2";
				TEST_HOST = "$(BUILT_PRODUCTS_DIR)/Hello Wordl.app/$(BUNDLE_EXECUTABLE_FOLDER_PATH)/Hello Wordl";
			};
			name = Release;
		};
		34F3D89E2A5F7F4C00F6A0A2 /* Debug */ = {
			isa = XCBuildConfiguration;
			buildSettings = {
				ALWAYS_EMBED_SWIFT_STANDARD_LIBRARIES = YES;
				CODE_SIGN_STYLE = Automatic;
				CURRENT_PROJECT_VERSION = 1;
				GENERATE_INFOPLIST_FILE = YES;
				MARKETING_VERSION = 1.0;
				PRODUCT_BUNDLE_IDENTIFIER = "YearUp.Hello-WordlUITests";
				PRODUCT_NAME = "$(TARGET_NAME)";
				SWIFT_EMIT_LOC_STRINGS = NO;
				SWIFT_VERSION = 5.0;
				TARGETED_DEVICE_FAMILY = "1,2";
				TEST_TARGET_NAME = "Hello Wordl";
			};
			name = Debug;
		};
		34F3D89F2A5F7F4C00F6A0A2 /* Release */ = {
			isa = XCBuildConfiguration;
			buildSettings = {
				ALWAYS_EMBED_SWIFT_STANDARD_LIBRARIES = YES;
				CODE_SIGN_STYLE = Automatic;
				CURRENT_PROJECT_VERSION = 1;
				GENERATE_INFOPLIST_FILE = YES;
				MARKETING_VERSION = 1.0;
				PRODUCT_BUNDLE_IDENTIFIER = "YearUp.Hello-WordlUITests";
				PRODUCT_NAME = "$(TARGET_NAME)";
				SWIFT_EMIT_LOC_STRINGS = NO;
				SWIFT_VERSION = 5.0;
				TARGETED_DEVICE_FAMILY = "1,2";
				TEST_TARGET_NAME = "Hello Wordl";
			};
			name = Release;
		};
/* End XCBuildConfiguration section */

/* Begin XCConfigurationList section */
		34F3D8682A5F7F4B00F6A0A2 /* Build configuration list for PBXProject "Hello Wordl" */ = {
			isa = XCConfigurationList;
			buildConfigurations = (
				34F3D8952A5F7F4C00F6A0A2 /* Debug */,
				34F3D8962A5F7F4C00F6A0A2 /* Release */,
			);
			defaultConfigurationIsVisible = 0;
			defaultConfigurationName = Release;
		};
		34F3D8972A5F7F4C00F6A0A2 /* Build configuration list for PBXNativeTarget "Hello Wordl" */ = {
			isa = XCConfigurationList;
			buildConfigurations = (
				34F3D8982A5F7F4C00F6A0A2 /* Debug */,
				34F3D8992A5F7F4C00F6A0A2 /* Release */,
			);
			defaultConfigurationIsVisible = 0;
			defaultConfigurationName = Release;
		};
		34F3D89A2A5F7F4C00F6A0A2 /* Build configuration list for PBXNativeTarget "Hello WordlTests" */ = {
			isa = XCConfigurationList;
			buildConfigurations = (
				34F3D89B2A5F7F4C00F6A0A2 /* Debug */,
				34F3D89C2A5F7F4C00F6A0A2 /* Release */,
			);
			defaultConfigurationIsVisible = 0;
			defaultConfigurationName = Release;
		};
		34F3D89D2A5F7F4C00F6A0A2 /* Build configuration list for PBXNativeTarget "Hello WordlUITests" */ = {
			isa = XCConfigurationList;
			buildConfigurations = (
				34F3D89E2A5F7F4C00F6A0A2 /* Debug */,
				34F3D89F2A5F7F4C00F6A0A2 /* Release */,
			);
			defaultConfigurationIsVisible = 0;
			defaultConfigurationName = Release;
		};
/* End XCConfigurationList section */
	};
	rootObject = 34F3D8652A5F7F4B00F6A0A2 /* Project object */;
}
