// !$*UTF8*$!
{
	archiveVersion = 1;
	classes = {
	};
	objectVersion = 56;
	objects = {

/* Begin PBXBuildFile section */
		346BD29D2A2A61CE00A85705 /* AppDelegate.swift in Sources */ = {isa = PBXBuildFile; fileRef = 346BD29C2A2A61CE00A85705 /* AppDelegate.swift */; };
		346BD29F2A2A61CE00A85705 /* SceneDelegate.swift in Sources */ = {isa = PBXBuildFile; fileRef = 346BD29E2A2A61CE00A85705 /* SceneDelegate.swift */; };
		346BD2A12A2A61CE00A85705 /* ViewController.swift in Sources */ = {isa = PBXBuildFile; fileRef = 346BD2A02A2A61CE00A85705 /* ViewController.swift */; };
		346BD2A42A2A61CE00A85705 /* Main.storyboard in Resources */ = {isa = PBXBuildFile; fileRef = 346BD2A22A2A61CE00A85705 /* Main.storyboard */; };
		346BD2A62A2A61CF00A85705 /* Assets.xcassets in Resources */ = {isa = PBXBuildFile; fileRef = 346BD2A52A2A61CF00A85705 /* Assets.xcassets */; };
		346BD2A92A2A61CF00A85705 /* LaunchScreen.storyboard in Resources */ = {isa = PBXBuildFile; fileRef = 346BD2A72A2A61CF00A85705 /* LaunchScreen.storyboard */; };
		346BD2B42A2A61CF00A85705 /* Mobile_College_S23_ProjectTests.swift in Sources */ = {isa = PBXBuildFile; fileRef = 346BD2B32A2A61CF00A85705 /* Mobile_College_S23_ProjectTests.swift */; };
		346BD2BE2A2A61CF00A85705 /* Mobile_College_S23_ProjectUITests.swift in Sources */ = {isa = PBXBuildFile; fileRef = 346BD2BD2A2A61CF00A85705 /* Mobile_College_S23_ProjectUITests.swift */; };
		346BD2C02A2A61CF00A85705 /* Mobile_College_S23_ProjectUITestsLaunchTests.swift in Sources */ = {isa = PBXBuildFile; fileRef = 346BD2BF2A2A61CF00A85705 /* Mobile_College_S23_ProjectUITestsLaunchTests.swift */; };
/* End PBXBuildFile section */

/* Begin PBXContainerItemProxy section */
		346BD2B02A2A61CF00A85705 /* PBXContainerItemProxy */ = {
			isa = PBXContainerItemProxy;
			containerPortal = 346BD2912A2A61CE00A85705 /* Project object */;
			proxyType = 1;
			remoteGlobalIDString = 346BD2982A2A61CE00A85705;
			remoteInfo = "Mobile College S23 Project";
		};
		346BD2BA2A2A61CF00A85705 /* PBXContainerItemProxy */ = {
			isa = PBXContainerItemProxy;
			containerPortal = 346BD2912A2A61CE00A85705 /* Project object */;
			proxyType = 1;
			remoteGlobalIDString = 346BD2982A2A61CE00A85705;
			remoteInfo = "Mobile College S23 Project";
		};
/* End PBXContainerItemProxy section */

/* Begin PBXFileReference section */
		346BD2992A2A61CE00A85705 /* Mobile College S23 Project.app */ = {isa = PBXFileReference; explicitFileType = wrapper.application; includeInIndex = 0; path = "Mobile College S23 Project.app"; sourceTree = BUILT_PRODUCTS_DIR; };
		346BD29C2A2A61CE00A85705 /* AppDelegate.swift */ = {isa = PBXFileReference; lastKnownFileType = sourcecode.swift; path = AppDelegate.swift; sourceTree = "<group>"; };
		346BD29E2A2A61CE00A85705 /* SceneDelegate.swift */ = {isa = PBXFileReference; lastKnownFileType = sourcecode.swift; path = SceneDelegate.swift; sourceTree = "<group>"; };
		346BD2A02A2A61CE00A85705 /* ViewController.swift */ = {isa = PBXFileReference; lastKnownFileType = sourcecode.swift; path = ViewController.swift; sourceTree = "<group>"; };
		346BD2A32A2A61CE00A85705 /* Base */ = {isa = PBXFileReference; lastKnownFileType = file.storyboard; name = Base; path = Base.lproj/Main.storyboard; sourceTree = "<group>"; };
		346BD2A52A2A61CF00A85705 /* Assets.xcassets */ = {isa = PBXFileReference; lastKnownFileType = folder.assetcatalog; path = Assets.xcassets; sourceTree = "<group>"; };
		346BD2A82A2A61CF00A85705 /* Base */ = {isa = PBXFileReference; lastKnownFileType = file.storyboard; name = Base; path = Base.lproj/LaunchScreen.storyboard; sourceTree = "<group>"; };
		346BD2AA2A2A61CF00A85705 /* Info.plist */ = {isa = PBXFileReference; lastKnownFileType = text.plist.xml; path = Info.plist; sourceTree = "<group>"; };
		346BD2AF2A2A61CF00A85705 /* Mobile College S23 ProjectTests.xctest */ = {isa = PBXFileReference; explicitFileType = wrapper.cfbundle; includeInIndex = 0; path = "Mobile College S23 ProjectTests.xctest"; sourceTree = BUILT_PRODUCTS_DIR; };
		346BD2B32A2A61CF00A85705 /* Mobile_College_S23_ProjectTests.swift */ = {isa = PBXFileReference; lastKnownFileType = sourcecode.swift; path = Mobile_College_S23_ProjectTests.swift; sourceTree = "<group>"; };
		346BD2B92A2A61CF00A85705 /* Mobile College S23 ProjectUITests.xctest */ = {isa = PBXFileReference; explicitFileType = wrapper.cfbundle; includeInIndex = 0; path = "Mobile College S23 ProjectUITests.xctest"; sourceTree = BUILT_PRODUCTS_DIR; };
		346BD2BD2A2A61CF00A85705 /* Mobile_College_S23_ProjectUITests.swift */ = {isa = PBXFileReference; lastKnownFileType = sourcecode.swift; path = Mobile_College_S23_ProjectUITests.swift; sourceTree = "<group>"; };
		346BD2BF2A2A61CF00A85705 /* Mobile_College_S23_ProjectUITestsLaunchTests.swift */ = {isa = PBXFileReference; lastKnownFileType = sourcecode.swift; path = Mobile_College_S23_ProjectUITestsLaunchTests.swift; sourceTree = "<group>"; };
/* End PBXFileReference section */

/* Begin PBXFrameworksBuildPhase section */
		346BD2962A2A61CE00A85705 /* Frameworks */ = {
			isa = PBXFrameworksBuildPhase;
			buildActionMask = 2147483647;
			files = (
			);
			runOnlyForDeploymentPostprocessing = 0;
		};
		346BD2AC2A2A61CF00A85705 /* Frameworks */ = {
			isa = PBXFrameworksBuildPhase;
			buildActionMask = 2147483647;
			files = (
			);
			runOnlyForDeploymentPostprocessing = 0;
		};
		346BD2B62A2A61CF00A85705 /* Frameworks */ = {
			isa = PBXFrameworksBuildPhase;
			buildActionMask = 2147483647;
			files = (
			);
			runOnlyForDeploymentPostprocessing = 0;
		};
/* End PBXFrameworksBuildPhase section */

/* Begin PBXGroup section */
		346BD2902A2A61CE00A85705 = {
			isa = PBXGroup;
			children = (
				346BD29B2A2A61CE00A85705 /* Mobile College S23 Project */,
				346BD2B22A2A61CF00A85705 /* Mobile College S23 ProjectTests */,
				346BD2BC2A2A61CF00A85705 /* Mobile College S23 ProjectUITests */,
				346BD29A2A2A61CE00A85705 /* Products */,
			);
			sourceTree = "<group>";
		};
		346BD29A2A2A61CE00A85705 /* Products */ = {
			isa = PBXGroup;
			children = (
				346BD2992A2A61CE00A85705 /* Mobile College S23 Project.app */,
				346BD2AF2A2A61CF00A85705 /* Mobile College S23 ProjectTests.xctest */,
				346BD2B92A2A61CF00A85705 /* Mobile College S23 ProjectUITests.xctest */,
			);
			name = Products;
			sourceTree = "<group>";
		};
		346BD29B2A2A61CE00A85705 /* Mobile College S23 Project */ = {
			isa = PBXGroup;
			children = (
				346BD29C2A2A61CE00A85705 /* AppDelegate.swift */,
				346BD29E2A2A61CE00A85705 /* SceneDelegate.swift */,
				346BD2A02A2A61CE00A85705 /* ViewController.swift */,
				346BD2A22A2A61CE00A85705 /* Main.storyboard */,
				346BD2A52A2A61CF00A85705 /* Assets.xcassets */,
				346BD2A72A2A61CF00A85705 /* LaunchScreen.storyboard */,
				346BD2AA2A2A61CF00A85705 /* Info.plist */,
			);
			path = "Mobile College S23 Project";
			sourceTree = "<group>";
		};
		346BD2B22A2A61CF00A85705 /* Mobile College S23 ProjectTests */ = {
			isa = PBXGroup;
			children = (
				346BD2B32A2A61CF00A85705 /* Mobile_College_S23_ProjectTests.swift */,
			);
			path = "Mobile College S23 ProjectTests";
			sourceTree = "<group>";
		};
		346BD2BC2A2A61CF00A85705 /* Mobile College S23 ProjectUITests */ = {
			isa = PBXGroup;
			children = (
				346BD2BD2A2A61CF00A85705 /* Mobile_College_S23_ProjectUITests.swift */,
				346BD2BF2A2A61CF00A85705 /* Mobile_College_S23_ProjectUITestsLaunchTests.swift */,
			);
			path = "Mobile College S23 ProjectUITests";
			sourceTree = "<group>";
		};
/* End PBXGroup section */

/* Begin PBXNativeTarget section */
		346BD2982A2A61CE00A85705 /* Mobile College S23 Project */ = {
			isa = PBXNativeTarget;
			buildConfigurationList = 346BD2C32A2A61CF00A85705 /* Build configuration list for PBXNativeTarget "Mobile College S23 Project" */;
			buildPhases = (
				346BD2952A2A61CE00A85705 /* Sources */,
				346BD2962A2A61CE00A85705 /* Frameworks */,
				346BD2972A2A61CE00A85705 /* Resources */,
			);
			buildRules = (
			);
			dependencies = (
			);
			name = "Mobile College S23 Project";
			productName = "Mobile College S23 Project";
			productReference = 346BD2992A2A61CE00A85705 /* Mobile College S23 Project.app */;
			productType = "com.apple.product-type.application";
		};
		346BD2AE2A2A61CF00A85705 /* Mobile College S23 ProjectTests */ = {
			isa = PBXNativeTarget;
			buildConfigurationList = 346BD2C62A2A61CF00A85705 /* Build configuration list for PBXNativeTarget "Mobile College S23 ProjectTests" */;
			buildPhases = (
				346BD2AB2A2A61CF00A85705 /* Sources */,
				346BD2AC2A2A61CF00A85705 /* Frameworks */,
				346BD2AD2A2A61CF00A85705 /* Resources */,
			);
			buildRules = (
			);
			dependencies = (
				346BD2B12A2A61CF00A85705 /* PBXTargetDependency */,
			);
			name = "Mobile College S23 ProjectTests";
			productName = "Mobile College S23 ProjectTests";
			productReference = 346BD2AF2A2A61CF00A85705 /* Mobile College S23 ProjectTests.xctest */;
			productType = "com.apple.product-type.bundle.unit-test";
		};
		346BD2B82A2A61CF00A85705 /* Mobile College S23 ProjectUITests */ = {
			isa = PBXNativeTarget;
			buildConfigurationList = 346BD2C92A2A61CF00A85705 /* Build configuration list for PBXNativeTarget "Mobile College S23 ProjectUITests" */;
			buildPhases = (
				346BD2B52A2A61CF00A85705 /* Sources */,
				346BD2B62A2A61CF00A85705 /* Frameworks */,
				346BD2B72A2A61CF00A85705 /* Resources */,
			);
			buildRules = (
			);
			dependencies = (
				346BD2BB2A2A61CF00A85705 /* PBXTargetDependency */,
			);
			name = "Mobile College S23 ProjectUITests";
			productName = "Mobile College S23 ProjectUITests";
			productReference = 346BD2B92A2A61CF00A85705 /* Mobile College S23 ProjectUITests.xctest */;
			productType = "com.apple.product-type.bundle.ui-testing";
		};
/* End PBXNativeTarget section */

/* Begin PBXProject section */
		346BD2912A2A61CE00A85705 /* Project object */ = {
			isa = PBXProject;
			attributes = {
				BuildIndependentTargetsInParallel = 1;
				LastSwiftUpdateCheck = 1430;
				LastUpgradeCheck = 1430;
				TargetAttributes = {
					346BD2982A2A61CE00A85705 = {
						CreatedOnToolsVersion = 14.3.1;
					};
					346BD2AE2A2A61CF00A85705 = {
						CreatedOnToolsVersion = 14.3.1;
						TestTargetID = 346BD2982A2A61CE00A85705;
					};
					346BD2B82A2A61CF00A85705 = {
						CreatedOnToolsVersion = 14.3.1;
						TestTargetID = 346BD2982A2A61CE00A85705;
					};
				};
			};
			buildConfigurationList = 346BD2942A2A61CE00A85705 /* Build configuration list for PBXProject "Mobile College S23 Project" */;
			compatibilityVersion = "Xcode 14.0";
			developmentRegion = en;
			hasScannedForEncodings = 0;
			knownRegions = (
				en,
				Base,
			);
			mainGroup = 346BD2902A2A61CE00A85705;
			productRefGroup = 346BD29A2A2A61CE00A85705 /* Products */;
			projectDirPath = "";
			projectRoot = "";
			targets = (
				346BD2982A2A61CE00A85705 /* Mobile College S23 Project */,
				346BD2AE2A2A61CF00A85705 /* Mobile College S23 ProjectTests */,
				346BD2B82A2A61CF00A85705 /* Mobile College S23 ProjectUITests */,
			);
		};
/* End PBXProject section */

/* Begin PBXResourcesBuildPhase section */
		346BD2972A2A61CE00A85705 /* Resources */ = {
			isa = PBXResourcesBuildPhase;
			buildActionMask = 2147483647;
			files = (
				346BD2A92A2A61CF00A85705 /* LaunchScreen.storyboard in Resources */,
				346BD2A62A2A61CF00A85705 /* Assets.xcassets in Resources */,
				346BD2A42A2A61CE00A85705 /* Main.storyboard in Resources */,
			);
			runOnlyForDeploymentPostprocessing = 0;
		};
		346BD2AD2A2A61CF00A85705 /* Resources */ = {
			isa = PBXResourcesBuildPhase;
			buildActionMask = 2147483647;
			files = (
			);
			runOnlyForDeploymentPostprocessing = 0;
		};
		346BD2B72A2A61CF00A85705 /* Resources */ = {
			isa = PBXResourcesBuildPhase;
			buildActionMask = 2147483647;
			files = (
			);
			runOnlyForDeploymentPostprocessing = 0;
		};
/* End PBXResourcesBuildPhase section */

/* Begin PBXSourcesBuildPhase section */
		346BD2952A2A61CE00A85705 /* Sources */ = {
			isa = PBXSourcesBuildPhase;
			buildActionMask = 2147483647;
			files = (
				346BD2A12A2A61CE00A85705 /* ViewController.swift in Sources */,
				346BD29D2A2A61CE00A85705 /* AppDelegate.swift in Sources */,
				346BD29F2A2A61CE00A85705 /* SceneDelegate.swift in Sources */,
			);
			runOnlyForDeploymentPostprocessing = 0;
		};
		346BD2AB2A2A61CF00A85705 /* Sources */ = {
			isa = PBXSourcesBuildPhase;
			buildActionMask = 2147483647;
			files = (
				346BD2B42A2A61CF00A85705 /* Mobile_College_S23_ProjectTests.swift in Sources */,
			);
			runOnlyForDeploymentPostprocessing = 0;
		};
		346BD2B52A2A61CF00A85705 /* Sources */ = {
			isa = PBXSourcesBuildPhase;
			buildActionMask = 2147483647;
			files = (
				346BD2BE2A2A61CF00A85705 /* Mobile_College_S23_ProjectUITests.swift in Sources */,
				346BD2C02A2A61CF00A85705 /* Mobile_College_S23_ProjectUITestsLaunchTests.swift in Sources */,
			);
			runOnlyForDeploymentPostprocessing = 0;
		};
/* End PBXSourcesBuildPhase section */

/* Begin PBXTargetDependency section */
		346BD2B12A2A61CF00A85705 /* PBXTargetDependency */ = {
			isa = PBXTargetDependency;
			target = 346BD2982A2A61CE00A85705 /* Mobile College S23 Project */;
			targetProxy = 346BD2B02A2A61CF00A85705 /* PBXContainerItemProxy */;
		};
		346BD2BB2A2A61CF00A85705 /* PBXTargetDependency */ = {
			isa = PBXTargetDependency;
			target = 346BD2982A2A61CE00A85705 /* Mobile College S23 Project */;
			targetProxy = 346BD2BA2A2A61CF00A85705 /* PBXContainerItemProxy */;
		};
/* End PBXTargetDependency section */

/* Begin PBXVariantGroup section */
		346BD2A22A2A61CE00A85705 /* Main.storyboard */ = {
			isa = PBXVariantGroup;
			children = (
				346BD2A32A2A61CE00A85705 /* Base */,
			);
			name = Main.storyboard;
			sourceTree = "<group>";
		};
		346BD2A72A2A61CF00A85705 /* LaunchScreen.storyboard */ = {
			isa = PBXVariantGroup;
			children = (
				346BD2A82A2A61CF00A85705 /* Base */,
			);
			name = LaunchScreen.storyboard;
			sourceTree = "<group>";
		};
/* End PBXVariantGroup section */

/* Begin XCBuildConfiguration section */
		346BD2C12A2A61CF00A85705 /* Debug */ = {
			isa = XCBuildConfiguration;
			buildSettings = {
				ALWAYS_SEARCH_USER_PATHS = NO;
				CLANG_ANALYZER_NONNULL = YES;
				CLANG_ANALYZER_NUMBER_OBJECT_CONVERSION = YES_AGGRESSIVE;
				CLANG_CXX_LANGUAGE_STANDARD = "gnu++20";
				CLANG_ENABLE_MODULES = YES;
				CLANG_ENABLE_OBJC_ARC = YES;
				CLANG_ENABLE_OBJC_WEAK = YES;
				CLANG_WARN_BLOCK_CAPTURE_AUTORELEASING = YES;
				CLANG_WARN_BOOL_CONVERSION = YES;
				CLANG_WARN_COMMA = YES;
				CLANG_WARN_CONSTANT_CONVERSION = YES;
				CLANG_WARN_DEPRECATED_OBJC_IMPLEMENTATIONS = YES;
				CLANG_WARN_DIRECT_OBJC_ISA_USAGE = YES_ERROR;
				CLANG_WARN_DOCUMENTATION_COMMENTS = YES;
				CLANG_WARN_EMPTY_BODY = YES;
				CLANG_WARN_ENUM_CONVERSION = YES;
				CLANG_WARN_INFINITE_RECURSION = YES;
				CLANG_WARN_INT_CONVERSION = YES;
				CLANG_WARN_NON_LITERAL_NULL_CONVERSION = YES;
				CLANG_WARN_OBJC_IMPLICIT_RETAIN_SELF = YES;
				CLANG_WARN_OBJC_LITERAL_CONVERSION = YES;
				CLANG_WARN_OBJC_ROOT_CLASS = YES_ERROR;
				CLANG_WARN_QUOTED_INCLUDE_IN_FRAMEWORK_HEADER = YES;
				CLANG_WARN_RANGE_LOOP_ANALYSIS = YES;
				CLANG_WARN_STRICT_PROTOTYPES = YES;
				CLANG_WARN_SUSPICIOUS_MOVE = YES;
				CLANG_WARN_UNGUARDED_AVAILABILITY = YES_AGGRESSIVE;
				CLANG_WARN_UNREACHABLE_CODE = YES;
				CLANG_WARN__DUPLICATE_METHOD_MATCH = YES;
				COPY_PHASE_STRIP = NO;
				DEBUG_INFORMATION_FORMAT = dwarf;
				ENABLE_STRICT_OBJC_MSGSEND = YES;
				ENABLE_TESTABILITY = YES;
				GCC_C_LANGUAGE_STANDARD = gnu11;
				GCC_DYNAMIC_NO_PIC = NO;
				GCC_NO_COMMON_BLOCKS = YES;
				GCC_OPTIMIZATION_LEVEL = 0;
				GCC_PREPROCESSOR_DEFINITIONS = (
					"DEBUG=1",
					"$(inherited)",
				);
				GCC_WARN_64_TO_32_BIT_CONVERSION = YES;
				GCC_WARN_ABOUT_RETURN_TYPE = YES_ERROR;
				GCC_WARN_UNDECLARED_SELECTOR = YES;
				GCC_WARN_UNINITIALIZED_AUTOS = YES_AGGRESSIVE;
				GCC_WARN_UNUSED_FUNCTION = YES;
				GCC_WARN_UNUSED_VARIABLE = YES;
				IPHONEOS_DEPLOYMENT_TARGET = 16.4;
				MTL_ENABLE_DEBUG_INFO = INCLUDE_SOURCE;
				MTL_FAST_MATH = YES;
				ONLY_ACTIVE_ARCH = YES;
				SDKROOT = iphoneos;
				SWIFT_ACTIVE_COMPILATION_CONDITIONS = DEBUG;
				SWIFT_OPTIMIZATION_LEVEL = "-Onone";
			};
			name = Debug;
		};
		346BD2C22A2A61CF00A85705 /* Release */ = {
			isa = XCBuildConfiguration;
			buildSettings = {
				ALWAYS_SEARCH_USER_PATHS = NO;
				CLANG_ANALYZER_NONNULL = YES;
				CLANG_ANALYZER_NUMBER_OBJECT_CONVERSION = YES_AGGRESSIVE;
				CLANG_CXX_LANGUAGE_STANDARD = "gnu++20";
				CLANG_ENABLE_MODULES = YES;
				CLANG_ENABLE_OBJC_ARC = YES;
				CLANG_ENABLE_OBJC_WEAK = YES;
				CLANG_WARN_BLOCK_CAPTURE_AUTORELEASING = YES;
				CLANG_WARN_BOOL_CONVERSION = YES;
				CLANG_WARN_COMMA = YES;
				CLANG_WARN_CONSTANT_CONVERSION = YES;
				CLANG_WARN_DEPRECATED_OBJC_IMPLEMENTATIONS = YES;
				CLANG_WARN_DIRECT_OBJC_ISA_USAGE = YES_ERROR;
				CLANG_WARN_DOCUMENTATION_COMMENTS = YES;
				CLANG_WARN_EMPTY_BODY = YES;
				CLANG_WARN_ENUM_CONVERSION = YES;
				CLANG_WARN_INFINITE_RECURSION = YES;
				CLANG_WARN_INT_CONVERSION = YES;
				CLANG_WARN_NON_LITERAL_NULL_CONVERSION = YES;
				CLANG_WARN_OBJC_IMPLICIT_RETAIN_SELF = YES;
				CLANG_WARN_OBJC_LITERAL_CONVERSION = YES;
				CLANG_WARN_OBJC_ROOT_CLASS = YES_ERROR;
				CLANG_WARN_QUOTED_INCLUDE_IN_FRAMEWORK_HEADER = YES;
				CLANG_WARN_RANGE_LOOP_ANALYSIS = YES;
				CLANG_WARN_STRICT_PROTOTYPES = YES;
				CLANG_WARN_SUSPICIOUS_MOVE = YES;
				CLANG_WARN_UNGUARDED_AVAILABILITY = YES_AGGRESSIVE;
				CLANG_WARN_UNREACHABLE_CODE = YES;
				CLANG_WARN__DUPLICATE_METHOD_MATCH = YES;
				COPY_PHASE_STRIP = NO;
				DEBUG_INFORMATION_FORMAT = "dwarf-with-dsym";
				ENABLE_NS_ASSERTIONS = NO;
				ENABLE_STRICT_OBJC_MSGSEND = YES;
				GCC_C_LANGUAGE_STANDARD = gnu11;
				GCC_NO_COMMON_BLOCKS = YES;
				GCC_WARN_64_TO_32_BIT_CONVERSION = YES;
				GCC_WARN_ABOUT_RETURN_TYPE = YES_ERROR;
				GCC_WARN_UNDECLARED_SELECTOR = YES;
				GCC_WARN_UNINITIALIZED_AUTOS = YES_AGGRESSIVE;
				GCC_WARN_UNUSED_FUNCTION = YES;
				GCC_WARN_UNUSED_VARIABLE = YES;
				IPHONEOS_DEPLOYMENT_TARGET = 16.4;
				MTL_ENABLE_DEBUG_INFO = NO;
				MTL_FAST_MATH = YES;
				SDKROOT = iphoneos;
				SWIFT_COMPILATION_MODE = wholemodule;
				SWIFT_OPTIMIZATION_LEVEL = "-O";
				VALIDATE_PRODUCT = YES;
			};
			name = Release;
		};
		346BD2C42A2A61CF00A85705 /* Debug */ = {
			isa = XCBuildConfiguration;
			buildSettings = {
				ASSETCATALOG_COMPILER_APPICON_NAME = AppIcon;
				ASSETCATALOG_COMPILER_GLOBAL_ACCENT_COLOR_NAME = AccentColor;
				CODE_SIGN_STYLE = Automatic;
				CURRENT_PROJECT_VERSION = 1;
				GENERATE_INFOPLIST_FILE = YES;
				INFOPLIST_FILE = "Mobile College S23 Project/Info.plist";
				INFOPLIST_KEY_UIApplicationSupportsIndirectInputEvents = YES;
				INFOPLIST_KEY_UILaunchStoryboardName = LaunchScreen;
				INFOPLIST_KEY_UIMainStoryboardFile = Main;
				INFOPLIST_KEY_UISupportedInterfaceOrientations_iPad = "UIInterfaceOrientationPortrait UIInterfaceOrientationPortraitUpsideDown UIInterfaceOrientationLandscapeLeft UIInterfaceOrientationLandscapeRight";
				INFOPLIST_KEY_UISupportedInterfaceOrientations_iPhone = "UIInterfaceOrientationPortrait UIInterfaceOrientationLandscapeLeft UIInterfaceOrientationLandscapeRight";
				LD_RUNPATH_SEARCH_PATHS = (
					"$(inherited)",
					"@executable_path/Frameworks",
				);
				MARKETING_VERSION = 1.0;
				PRODUCT_BUNDLE_IDENTIFIER = "io.iosacademy.Mobile-College-S23-Project";
				PRODUCT_NAME = "$(TARGET_NAME)";
				SWIFT_EMIT_LOC_STRINGS = YES;
				SWIFT_VERSION = 5.0;
				TARGETED_DEVICE_FAMILY = "1,2";
			};
			name = Debug;
		};
		346BD2C52A2A61CF00A85705 /* Release */ = {
			isa = XCBuildConfiguration;
			buildSettings = {
				ASSETCATALOG_COMPILER_APPICON_NAME = AppIcon;
				ASSETCATALOG_COMPILER_GLOBAL_ACCENT_COLOR_NAME = AccentColor;
				CODE_SIGN_STYLE = Automatic;
				CURRENT_PROJECT_VERSION = 1;
				GENERATE_INFOPLIST_FILE = YES;
				INFOPLIST_FILE = "Mobile College S23 Project/Info.plist";
				INFOPLIST_KEY_UIApplicationSupportsIndirectInputEvents = YES;
				INFOPLIST_KEY_UILaunchStoryboardName = LaunchScreen;
				INFOPLIST_KEY_UIMainStoryboardFile = Main;
				INFOPLIST_KEY_UISupportedInterfaceOrientations_iPad = "UIInterfaceOrientationPortrait UIInterfaceOrientationPortraitUpsideDown UIInterfaceOrientationLandscapeLeft UIInterfaceOrientationLandscapeRight";
				INFOPLIST_KEY_UISupportedInterfaceOrientations_iPhone = "UIInterfaceOrientationPortrait UIInterfaceOrientationLandscapeLeft UIInterfaceOrientationLandscapeRight";
				LD_RUNPATH_SEARCH_PATHS = (
					"$(inherited)",
					"@executable_path/Frameworks",
				);
				MARKETING_VERSION = 1.0;
				PRODUCT_BUNDLE_IDENTIFIER = "io.iosacademy.Mobile-College-S23-Project";
				PRODUCT_NAME = "$(TARGET_NAME)";
				SWIFT_EMIT_LOC_STRINGS = YES;
				SWIFT_VERSION = 5.0;
				TARGETED_DEVICE_FAMILY = "1,2";
			};
			name = Release;
		};
		346BD2C72A2A61CF00A85705 /* Debug */ = {
			isa = XCBuildConfiguration;
			buildSettings = {
				ALWAYS_EMBED_SWIFT_STANDARD_LIBRARIES = YES;
				BUNDLE_LOADER = "$(TEST_HOST)";
				CODE_SIGN_STYLE = Automatic;
				CURRENT_PROJECT_VERSION = 1;
				GENERATE_INFOPLIST_FILE = YES;
				IPHONEOS_DEPLOYMENT_TARGET = 16.4;
				MARKETING_VERSION = 1.0;
				PRODUCT_BUNDLE_IDENTIFIER = "io.iosacademy.Mobile-College-S23-ProjectTests";
				PRODUCT_NAME = "$(TARGET_NAME)";
				SWIFT_EMIT_LOC_STRINGS = NO;
				SWIFT_VERSION = 5.0;
				TARGETED_DEVICE_FAMILY = "1,2";
				TEST_HOST = "$(BUILT_PRODUCTS_DIR)/Mobile College S23 Project.app/$(BUNDLE_EXECUTABLE_FOLDER_PATH)/Mobile College S23 Project";
			};
			name = Debug;
		};
		346BD2C82A2A61CF00A85705 /* Release */ = {
			isa = XCBuildConfiguration;
			buildSettings = {
				ALWAYS_EMBED_SWIFT_STANDARD_LIBRARIES = YES;
				BUNDLE_LOADER = "$(TEST_HOST)";
				CODE_SIGN_STYLE = Automatic;
				CURRENT_PROJECT_VERSION = 1;
				GENERATE_INFOPLIST_FILE = YES;
				IPHONEOS_DEPLOYMENT_TARGET = 16.4;
				MARKETING_VERSION = 1.0;
				PRODUCT_BUNDLE_IDENTIFIER = "io.iosacademy.Mobile-College-S23-ProjectTests";
				PRODUCT_NAME = "$(TARGET_NAME)";
				SWIFT_EMIT_LOC_STRINGS = NO;
				SWIFT_VERSION = 5.0;
				TARGETED_DEVICE_FAMILY = "1,2";
				TEST_HOST = "$(BUILT_PRODUCTS_DIR)/Mobile College S23 Project.app/$(BUNDLE_EXECUTABLE_FOLDER_PATH)/Mobile College S23 Project";
			};
			name = Release;
		};
		346BD2CA2A2A61CF00A85705 /* Debug */ = {
			isa = XCBuildConfiguration;
			buildSettings = {
				ALWAYS_EMBED_SWIFT_STANDARD_LIBRARIES = YES;
				CODE_SIGN_STYLE = Automatic;
				CURRENT_PROJECT_VERSION = 1;
				GENERATE_INFOPLIST_FILE = YES;
				MARKETING_VERSION = 1.0;
				PRODUCT_BUNDLE_IDENTIFIER = "io.iosacademy.Mobile-College-S23-ProjectUITests";
				PRODUCT_NAME = "$(TARGET_NAME)";
				SWIFT_EMIT_LOC_STRINGS = NO;
				SWIFT_VERSION = 5.0;
				TARGETED_DEVICE_FAMILY = "1,2";
				TEST_TARGET_NAME = "Mobile College S23 Project";
			};
			name = Debug;
		};
		346BD2CB2A2A61CF00A85705 /* Release */ = {
			isa = XCBuildConfiguration;
			buildSettings = {
				ALWAYS_EMBED_SWIFT_STANDARD_LIBRARIES = YES;
				CODE_SIGN_STYLE = Automatic;
				CURRENT_PROJECT_VERSION = 1;
				GENERATE_INFOPLIST_FILE = YES;
				MARKETING_VERSION = 1.0;
				PRODUCT_BUNDLE_IDENTIFIER = "io.iosacademy.Mobile-College-S23-ProjectUITests";
				PRODUCT_NAME = "$(TARGET_NAME)";
				SWIFT_EMIT_LOC_STRINGS = NO;
				SWIFT_VERSION = 5.0;
				TARGETED_DEVICE_FAMILY = "1,2";
				TEST_TARGET_NAME = "Mobile College S23 Project";
			};
			name = Release;
		};
/* End XCBuildConfiguration section */

/* Begin XCConfigurationList section */
		346BD2942A2A61CE00A85705 /* Build configuration list for PBXProject "Mobile College S23 Project" */ = {
			isa = XCConfigurationList;
			buildConfigurations = (
				346BD2C12A2A61CF00A85705 /* Debug */,
				346BD2C22A2A61CF00A85705 /* Release */,
			);
			defaultConfigurationIsVisible = 0;
			defaultConfigurationName = Release;
		};
		346BD2C32A2A61CF00A85705 /* Build configuration list for PBXNativeTarget "Mobile College S23 Project" */ = {
			isa = XCConfigurationList;
			buildConfigurations = (
				346BD2C42A2A61CF00A85705 /* Debug */,
				346BD2C52A2A61CF00A85705 /* Release */,
			);
			defaultConfigurationIsVisible = 0;
			defaultConfigurationName = Release;
		};
		346BD2C62A2A61CF00A85705 /* Build configuration list for PBXNativeTarget "Mobile College S23 ProjectTests" */ = {
			isa = XCConfigurationList;
			buildConfigurations = (
				346BD2C72A2A61CF00A85705 /* Debug */,
				346BD2C82A2A61CF00A85705 /* Release */,
			);
			defaultConfigurationIsVisible = 0;
			defaultConfigurationName = Release;
		};
		346BD2C92A2A61CF00A85705 /* Build configuration list for PBXNativeTarget "Mobile College S23 ProjectUITests" */ = {
			isa = XCConfigurationList;
			buildConfigurations = (
				346BD2CA2A2A61CF00A85705 /* Debug */,
				346BD2CB2A2A61CF00A85705 /* Release */,
			);
			defaultConfigurationIsVisible = 0;
			defaultConfigurationName = Release;
		};
/* End XCConfigurationList section */
	};
	rootObject = 346BD2912A2A61CE00A85705 /* Project object */;
}
